// !$*UTF8*$!
{
	archiveVersion = 1;
	classes = {
	};
	objectVersion = 55;
	objects = {

/* Begin PBXBuildFile section */
		375849D795479DECF883A245 /* Pods_DESIGNPATTERN.framework in Frameworks */ = {isa = PBXBuildFile; fileRef = 008477156DCBA3131DF8B35D /* Pods_DESIGNPATTERN.framework */; };
		4E2A76B528C658F4006E98B3 /* MoviewDetailsVC.swift in Sources */ = {isa = PBXBuildFile; fileRef = 4E2A76B328C658F4006E98B3 /* MoviewDetailsVC.swift */; };
		4E2A76B628C658F4006E98B3 /* MoviewDetailsVC.xib in Resources */ = {isa = PBXBuildFile; fileRef = 4E2A76B428C658F4006E98B3 /* MoviewDetailsVC.xib */; };
		4E2A76B928C65A97006E98B3 /* 1.mp4 in Resources */ = {isa = PBXBuildFile; fileRef = 4E2A76B828C65A97006E98B3 /* 1.mp4 */; };
		4E2A76BB28C66772006E98B3 /* LayoutManager.swift in Sources */ = {isa = PBXBuildFile; fileRef = 4E2A76BA28C66772006E98B3 /* LayoutManager.swift */; };
		4E37C18228C6F5E2006E2BDC /* 6.mp4 in Resources */ = {isa = PBXBuildFile; fileRef = 4E37C17928C6F5DE006E2BDC /* 6.mp4 */; };
		4E37C18328C6F5E2006E2BDC /* 2.mp4 in Resources */ = {isa = PBXBuildFile; fileRef = 4E37C17A28C6F5DF006E2BDC /* 2.mp4 */; };
		4E37C18428C6F5E2006E2BDC /* 7.mp4 in Resources */ = {isa = PBXBuildFile; fileRef = 4E37C17B28C6F5DF006E2BDC /* 7.mp4 */; };
		4E37C18528C6F5E2006E2BDC /* 9.mp4 in Resources */ = {isa = PBXBuildFile; fileRef = 4E37C17C28C6F5E0006E2BDC /* 9.mp4 */; };
		4E37C18628C6F5E2006E2BDC /* 3.mp4 in Resources */ = {isa = PBXBuildFile; fileRef = 4E37C17D28C6F5E0006E2BDC /* 3.mp4 */; };
		4E37C18728C6F5E2006E2BDC /* 8.mp4 in Resources */ = {isa = PBXBuildFile; fileRef = 4E37C17E28C6F5E0006E2BDC /* 8.mp4 */; };
		4E37C18828C6F5E2006E2BDC /* 10.mp4 in Resources */ = {isa = PBXBuildFile; fileRef = 4E37C17F28C6F5E1006E2BDC /* 10.mp4 */; };
		4E37C18928C6F5E2006E2BDC /* 4.mp4 in Resources */ = {isa = PBXBuildFile; fileRef = 4E37C18028C6F5E1006E2BDC /* 4.mp4 */; };
		4E37C18A28C6F5E2006E2BDC /* 5.mp4 in Resources */ = {isa = PBXBuildFile; fileRef = 4E37C18128C6F5E2006E2BDC /* 5.mp4 */; };
		4E37C18C28C6F9AE006E2BDC /* Dynamic.swift in Sources */ = {isa = PBXBuildFile; fileRef = 4E37C18B28C6F9AE006E2BDC /* Dynamic.swift */; };
		4E37C19228C6FC7F006E2BDC /* MoviewListViewMVVM.swift in Sources */ = {isa = PBXBuildFile; fileRef = 4E37C19128C6FC7F006E2BDC /* MoviewListViewMVVM.swift */; };
		4E37C19428C6FCA5006E2BDC /* MoviewListViewMVVM.xib in Resources */ = {isa = PBXBuildFile; fileRef = 4E37C19328C6FCA5006E2BDC /* MoviewListViewMVVM.xib */; };
		4E37C19728C6FDD2006E2BDC /* MoviewListCellMVVM.swift in Sources */ = {isa = PBXBuildFile; fileRef = 4E37C19528C6FDD2006E2BDC /* MoviewListCellMVVM.swift */; };
		4E37C19828C6FDD2006E2BDC /* MoviewListCellMVVM.xib in Resources */ = {isa = PBXBuildFile; fileRef = 4E37C19628C6FDD2006E2BDC /* MoviewListCellMVVM.xib */; };
		4E37C19B28C70144006E2BDC /* MovieListVcMVVM.swift in Sources */ = {isa = PBXBuildFile; fileRef = 4E37C19928C70144006E2BDC /* MovieListVcMVVM.swift */; };
		4E37C19C28C70144006E2BDC /* MovieListVcMVVM.xib in Resources */ = {isa = PBXBuildFile; fileRef = 4E37C19A28C70144006E2BDC /* MovieListVcMVVM.xib */; };
		4E37C1A128C750B1006E2BDC /* Models.swift in Sources */ = {isa = PBXBuildFile; fileRef = 4E37C1A028C750B1006E2BDC /* Models.swift */; };
		4E37C1A328C753C6006E2BDC /* MoviewListViewModel.swift in Sources */ = {isa = PBXBuildFile; fileRef = 4E37C1A228C753C6006E2BDC /* MoviewListViewModel.swift */; };
		4E37C1A628C7BA35006E2BDC /* MovieDetailsVcMVVM.swift in Sources */ = {isa = PBXBuildFile; fileRef = 4E37C1A428C7BA35006E2BDC /* MovieDetailsVcMVVM.swift */; };
		4E37C1A728C7BA35006E2BDC /* MovieDetailsVcMVVM.xib in Resources */ = {isa = PBXBuildFile; fileRef = 4E37C1A528C7BA35006E2BDC /* MovieDetailsVcMVVM.xib */; };
		4E37C1A928C7BAA6006E2BDC /* MovieDetailsVw.swift in Sources */ = {isa = PBXBuildFile; fileRef = 4E37C1A828C7BAA6006E2BDC /* MovieDetailsVw.swift */; };
		4E37C1AB28C7BABF006E2BDC /* MovieDetailsVw.xib in Resources */ = {isa = PBXBuildFile; fileRef = 4E37C1AA28C7BABF006E2BDC /* MovieDetailsVw.xib */; };
		4E37C1AD28C7C836006E2BDC /* ModelProtocols.swift in Sources */ = {isa = PBXBuildFile; fileRef = 4E37C1AC28C7C836006E2BDC /* ModelProtocols.swift */; };
		4E37C1AF28C7C8CB006E2BDC /* MovieDetailsViewModel.swift in Sources */ = {isa = PBXBuildFile; fileRef = 4E37C1AE28C7C8CB006E2BDC /* MovieDetailsViewModel.swift */; };
		4E37C1B128C7CA47006E2BDC /* UIView+Extension.swift in Sources */ = {isa = PBXBuildFile; fileRef = 4E37C1B028C7CA47006E2BDC /* UIView+Extension.swift */; };
		4E37C1B928C7E05E006E2BDC /* MoviewListVcVIPER.swift in Sources */ = {isa = PBXBuildFile; fileRef = 4E37C1B728C7E05E006E2BDC /* MoviewListVcVIPER.swift */; };
		4E37C1BA28C7E05E006E2BDC /* MoviewListVcVIPER.xib in Resources */ = {isa = PBXBuildFile; fileRef = 4E37C1B828C7E05E006E2BDC /* MoviewListVcVIPER.xib */; };
		4E37C1C028C7E29C006E2BDC /* MovieListVwVIPER.swift in Sources */ = {isa = PBXBuildFile; fileRef = 4E37C1BF28C7E29C006E2BDC /* MovieListVwVIPER.swift */; };
		4E37C1C228C7E2B1006E2BDC /* MovieListVwVIPER.xib in Resources */ = {isa = PBXBuildFile; fileRef = 4E37C1C128C7E2B1006E2BDC /* MovieListVwVIPER.xib */; };
		4E42435128C7EE79005A8ACF /* MoviewListInteractor.swift in Sources */ = {isa = PBXBuildFile; fileRef = 4E42435028C7EE79005A8ACF /* MoviewListInteractor.swift */; };
		4E42435328C7EF6B005A8ACF /* MovieListRouter.swift in Sources */ = {isa = PBXBuildFile; fileRef = 4E42435228C7EF6B005A8ACF /* MovieListRouter.swift */; };
		4E42435928C7F10D005A8ACF /* MoviewListPresenter.swift in Sources */ = {isa = PBXBuildFile; fileRef = 4E42435828C7F10D005A8ACF /* MoviewListPresenter.swift */; };
		4E84F98A28D9CFA200D2BBBF /* Problem 9.swift in Sources */ = {isa = PBXBuildFile; fileRef = 4E84F98928D9CFA200D2BBBF /* Problem 9.swift */; };
		4E84F98C28D9E1CE00D2BBBF /* ChainOfRequest.swift in Sources */ = {isa = PBXBuildFile; fileRef = 4E84F98B28D9E1CE00D2BBBF /* ChainOfRequest.swift */; };
		4E84F98F28DAFAA200D2BBBF /* Command Pattern.swift in Sources */ = {isa = PBXBuildFile; fileRef = 4E84F98E28DAFAA200D2BBBF /* Command Pattern.swift */; };
		4E84F99328DB3BC600D2BBBF /* Iterator Pattern.swift in Sources */ = {isa = PBXBuildFile; fileRef = 4E84F99228DB3BC600D2BBBF /* Iterator Pattern.swift */; };
		4E84F99628DE431600D2BBBF /* Problem 10.swift in Sources */ = {isa = PBXBuildFile; fileRef = 4E84F99528DE431600D2BBBF /* Problem 10.swift */; };
		4E84F99828DE44FE00D2BBBF /* Mediator Pattern.swift in Sources */ = {isa = PBXBuildFile; fileRef = 4E84F99728DE44FE00D2BBBF /* Mediator Pattern.swift */; };
		4E84F99B28DF2E2E00D2BBBF /* Problem 11.swift in Sources */ = {isa = PBXBuildFile; fileRef = 4E84F99A28DF2E2E00D2BBBF /* Problem 11.swift */; };
		4E84F99D28DF388D00D2BBBF /* Memento Pattern.swift in Sources */ = {isa = PBXBuildFile; fileRef = 4E84F99C28DF388D00D2BBBF /* Memento Pattern.swift */; };
		4E84F9A028DF70D000D2BBBF /* Problem 12.swift in Sources */ = {isa = PBXBuildFile; fileRef = 4E84F99F28DF70D000D2BBBF /* Problem 12.swift */; };
		4E84F9A228DF745C00D2BBBF /* State Pattern - Case 1.swift in Sources */ = {isa = PBXBuildFile; fileRef = 4E84F9A128DF745C00D2BBBF /* State Pattern - Case 1.swift */; };
		4E84F9A428DF747C00D2BBBF /* State Pattern Case 2.swift in Sources */ = {isa = PBXBuildFile; fileRef = 4E84F9A328DF747C00D2BBBF /* State Pattern Case 2.swift */; };
		4EADFDCC28E0194800470643 /* Problem 13.swift in Sources */ = {isa = PBXBuildFile; fileRef = 4EADFDCB28E0194800470643 /* Problem 13.swift */; };
		4EADFDCE28E05F0B00470643 /* Strategy .swift in Sources */ = {isa = PBXBuildFile; fileRef = 4EADFDCD28E05F0B00470643 /* Strategy .swift */; };
		4EADFDD128E08C9400470643 /* Problem 14.swift in Sources */ = {isa = PBXBuildFile; fileRef = 4EADFDD028E08C9400470643 /* Problem 14.swift */; };
		4EADFDD328E08FE900470643 /* Template Pattern.swift in Sources */ = {isa = PBXBuildFile; fileRef = 4EADFDD228E08FE900470643 /* Template Pattern.swift */; };
		4EADFDD628E0B3AC00470643 /* Problem 15.swift in Sources */ = {isa = PBXBuildFile; fileRef = 4EADFDD528E0B3AC00470643 /* Problem 15.swift */; };
		4EADFDD828E0C65600470643 /* Visitor Pattern.swift in Sources */ = {isa = PBXBuildFile; fileRef = 4EADFDD728E0C65600470643 /* Visitor Pattern.swift */; };
		4EADFDE128E2034000470643 /* LoginInteractor.swift in Sources */ = {isa = PBXBuildFile; fileRef = 4EADFDDB28E2034000470643 /* LoginInteractor.swift */; };
		4EADFDE228E2034000470643 /* LoginModels.swift in Sources */ = {isa = PBXBuildFile; fileRef = 4EADFDDC28E2034000470643 /* LoginModels.swift */; };
		4EADFDE328E2034000470643 /* LoginViewController.swift in Sources */ = {isa = PBXBuildFile; fileRef = 4EADFDDD28E2034000470643 /* LoginViewController.swift */; };
		4EADFDE428E2034000470643 /* LoginPresenter.swift in Sources */ = {isa = PBXBuildFile; fileRef = 4EADFDDE28E2034000470643 /* LoginPresenter.swift */; };
		4EADFDE528E2034000470643 /* LoginRouter.swift in Sources */ = {isa = PBXBuildFile; fileRef = 4EADFDDF28E2034000470643 /* LoginRouter.swift */; };
		4EADFDE628E2034000470643 /* LoginViewController.storyboard in Resources */ = {isa = PBXBuildFile; fileRef = 4EADFDE028E2034000470643 /* LoginViewController.storyboard */; };
		4EADFDEA28E2038800470643 /* Result.swift in Sources */ = {isa = PBXBuildFile; fileRef = 4EADFDE828E2038800470643 /* Result.swift */; };
		4EADFDEB28E2038800470643 /* User.swift in Sources */ = {isa = PBXBuildFile; fileRef = 4EADFDE928E2038800470643 /* User.swift */; };
		4EC5C1E128C33756008E2AEC /* AppDelegate.swift in Sources */ = {isa = PBXBuildFile; fileRef = 4EC5C1E028C33756008E2AEC /* AppDelegate.swift */; };
		4EC5C1E328C33756008E2AEC /* SceneDelegate.swift in Sources */ = {isa = PBXBuildFile; fileRef = 4EC5C1E228C33756008E2AEC /* SceneDelegate.swift */; };
		4EC5C1E528C33756008E2AEC /* ViewController.swift in Sources */ = {isa = PBXBuildFile; fileRef = 4EC5C1E428C33756008E2AEC /* ViewController.swift */; };
		4EC5C1E828C33756008E2AEC /* Main.storyboard in Resources */ = {isa = PBXBuildFile; fileRef = 4EC5C1E628C33756008E2AEC /* Main.storyboard */; };
		4EC5C1EA28C33756008E2AEC /* Assets.xcassets in Resources */ = {isa = PBXBuildFile; fileRef = 4EC5C1E928C33756008E2AEC /* Assets.xcassets */; };
		4EC5C1ED28C33756008E2AEC /* LaunchScreen.storyboard in Resources */ = {isa = PBXBuildFile; fileRef = 4EC5C1EB28C33756008E2AEC /* LaunchScreen.storyboard */; };
		4EC5C1F828C33756008E2AEC /* DESIGNPATTERNTests.swift in Sources */ = {isa = PBXBuildFile; fileRef = 4EC5C1F728C33756008E2AEC /* DESIGNPATTERNTests.swift */; };
		4EC5C20228C33756008E2AEC /* DESIGNPATTERNUITests.swift in Sources */ = {isa = PBXBuildFile; fileRef = 4EC5C20128C33756008E2AEC /* DESIGNPATTERNUITests.swift */; };
		4EC5C20428C33756008E2AEC /* DESIGNPATTERNUITestsLaunchTests.swift in Sources */ = {isa = PBXBuildFile; fileRef = 4EC5C20328C33756008E2AEC /* DESIGNPATTERNUITestsLaunchTests.swift */; };
		4EC5C23C28C34FAD008E2AEC /* NetworkManager.swift in Sources */ = {isa = PBXBuildFile; fileRef = 4EC5C23B28C34FAD008E2AEC /* NetworkManager.swift */; };
		4EC5C23F28C4A540008E2AEC /* Movie.swift in Sources */ = {isa = PBXBuildFile; fileRef = 4EC5C23E28C4A540008E2AEC /* Movie.swift */; };
		4EC5C24528C4EF18008E2AEC /* MoviewListVc_MVC.swift in Sources */ = {isa = PBXBuildFile; fileRef = 4EC5C24328C4EF18008E2AEC /* MoviewListVc_MVC.swift */; };
		4EC5C24628C4EF18008E2AEC /* MoviewListVc_MVC.xib in Resources */ = {isa = PBXBuildFile; fileRef = 4EC5C24428C4EF18008E2AEC /* MoviewListVc_MVC.xib */; };
		4EC5C24928C4F047008E2AEC /* MoviewListCell.swift in Sources */ = {isa = PBXBuildFile; fileRef = 4EC5C24728C4F047008E2AEC /* MoviewListCell.swift */; };
		4EC5C24A28C4F047008E2AEC /* MoviewListCell.xib in Resources */ = {isa = PBXBuildFile; fileRef = 4EC5C24828C4F047008E2AEC /* MoviewListCell.xib */; };
		4EC5C24C28C4F089008E2AEC /* Constants.swift in Sources */ = {isa = PBXBuildFile; fileRef = 4EC5C24B28C4F089008E2AEC /* Constants.swift */; };
		4EF485DD28CC9A970048660B /* Problem1.swift in Sources */ = {isa = PBXBuildFile; fileRef = 4EF485DC28CC9A970048660B /* Problem1.swift */; };
		4EF485DF28CC9EA70048660B /* Factory Method - Solution.swift in Sources */ = {isa = PBXBuildFile; fileRef = 4EF485DE28CC9EA70048660B /* Factory Method - Solution.swift */; };
		4EF485E228CE0BCC0048660B /* Abstract Factory Uses.swift in Sources */ = {isa = PBXBuildFile; fileRef = 4EF485E128CE0BCC0048660B /* Abstract Factory Uses.swift */; };
		4EF485E428CE0FFC0048660B /* Abstract Factory Pattern.swift in Sources */ = {isa = PBXBuildFile; fileRef = 4EF485E328CE0FFC0048660B /* Abstract Factory Pattern.swift */; };
		4EF485E628CF17170048660B /* Abstract Factory- Ex 2.swift in Sources */ = {isa = PBXBuildFile; fileRef = 4EF485E528CF17170048660B /* Abstract Factory- Ex 2.swift */; };
		4EF485E928CF5CFB0048660B /* Problem-2.swift in Sources */ = {isa = PBXBuildFile; fileRef = 4EF485E828CF5CFB0048660B /* Problem-2.swift */; };
		4EF485EB28CF65AC0048660B /* Builder Patterns Use1.swift in Sources */ = {isa = PBXBuildFile; fileRef = 4EF485EA28CF65AC0048660B /* Builder Patterns Use1.swift */; };
		4EF485EE28CF8AFD0048660B /* Prototype-Pattern.swift in Sources */ = {isa = PBXBuildFile; fileRef = 4EF485ED28CF8AFD0048660B /* Prototype-Pattern.swift */; };
		4EF485F128CF8FFC0048660B /* Singleton - Pattern.swift in Sources */ = {isa = PBXBuildFile; fileRef = 4EF485F028CF8FFC0048660B /* Singleton - Pattern.swift */; };
		4EF485F428CFC70D0048660B /* Problem 3.swift in Sources */ = {isa = PBXBuildFile; fileRef = 4EF485F328CFC70D0048660B /* Problem 3.swift */; };
		4EF485F628CFCAF40048660B /* Adapter - Ex1.swift in Sources */ = {isa = PBXBuildFile; fileRef = 4EF485F528CFCAF40048660B /* Adapter - Ex1.swift */; };
		4EF485F828CFCD5C0048660B /* Adapter-Ex2.swift in Sources */ = {isa = PBXBuildFile; fileRef = 4EF485F728CFCD5C0048660B /* Adapter-Ex2.swift */; };
		4EF485FB28D060920048660B /* Problem - 4.swift in Sources */ = {isa = PBXBuildFile; fileRef = 4EF485FA28D060920048660B /* Problem - 4.swift */; };
		4EF485FD28D066410048660B /* Bridge - Ex1 .swift in Sources */ = {isa = PBXBuildFile; fileRef = 4EF485FC28D066410048660B /* Bridge - Ex1 .swift */; };
		4EF485FF28D06DD60048660B /* Bridge-Ex2.swift in Sources */ = {isa = PBXBuildFile; fileRef = 4EF485FE28D06DD60048660B /* Bridge-Ex2.swift */; };
		4EF4860228D088ED0048660B /* Problem 5.swift in Sources */ = {isa = PBXBuildFile; fileRef = 4EF4860128D088ED0048660B /* Problem 5.swift */; };
		4EF4860428D08F150048660B /* Composite - Pattern.swift in Sources */ = {isa = PBXBuildFile; fileRef = 4EF4860328D08F150048660B /* Composite - Pattern.swift */; };
		4EF4860628D095140048660B /* Composite - Pattern Ex1.swift in Sources */ = {isa = PBXBuildFile; fileRef = 4EF4860528D095140048660B /* Composite - Pattern Ex1.swift */; };
		4EF4860928D0A8A60048660B /* Decorator - Pattern.swift in Sources */ = {isa = PBXBuildFile; fileRef = 4EF4860828D0A8A60048660B /* Decorator - Pattern.swift */; };
		4EF4860C28D0C45E0048660B /* Facade.swift in Sources */ = {isa = PBXBuildFile; fileRef = 4EF4860B28D0C45E0048660B /* Facade.swift */; };
		4EF4860F28D4050E0048660B /* Problem 6.swift in Sources */ = {isa = PBXBuildFile; fileRef = 4EF4860E28D4050E0048660B /* Problem 6.swift */; };
		4EF4861128D418A70048660B /* Flyweight.swift in Sources */ = {isa = PBXBuildFile; fileRef = 4EF4861028D418A70048660B /* Flyweight.swift */; };
		4EF4861428D43CE50048660B /* Problem 7.swift in Sources */ = {isa = PBXBuildFile; fileRef = 4EF4861328D43CE50048660B /* Problem 7.swift */; };
		4EF4861628D4E8170048660B /* Proxy pattern .swift in Sources */ = {isa = PBXBuildFile; fileRef = 4EF4861528D4E8170048660B /* Proxy pattern .swift */; };
		54C31700C91DDC8643BCC569 /* Pods_DESIGNPATTERNTests.framework in Frameworks */ = {isa = PBXBuildFile; fileRef = 9323D7D9958FDB88ACB20058 /* Pods_DESIGNPATTERNTests.framework */; };
		63003B2EB550ABC227BCCE29 /* Pods_DESIGNPATTERN_DESIGNPATTERNUITests.framework in Frameworks */ = {isa = PBXBuildFile; fileRef = 95B63966C670A0902399EDC4 /* Pods_DESIGNPATTERN_DESIGNPATTERNUITests.framework */; };
/* End PBXBuildFile section */

/* Begin PBXContainerItemProxy section */
		4EC5C1F428C33756008E2AEC /* PBXContainerItemProxy */ = {
			isa = PBXContainerItemProxy;
			containerPortal = 4EC5C1D528C33756008E2AEC /* Project object */;
			proxyType = 1;
			remoteGlobalIDString = 4EC5C1DC28C33756008E2AEC;
			remoteInfo = DESIGNPATTERN;
		};
		4EC5C1FE28C33756008E2AEC /* PBXContainerItemProxy */ = {
			isa = PBXContainerItemProxy;
			containerPortal = 4EC5C1D528C33756008E2AEC /* Project object */;
			proxyType = 1;
			remoteGlobalIDString = 4EC5C1DC28C33756008E2AEC;
			remoteInfo = DESIGNPATTERN;
		};
/* End PBXContainerItemProxy section */

/* Begin PBXFileReference section */
		008477156DCBA3131DF8B35D /* Pods_DESIGNPATTERN.framework */ = {isa = PBXFileReference; explicitFileType = wrapper.framework; includeInIndex = 0; path = Pods_DESIGNPATTERN.framework; sourceTree = BUILT_PRODUCTS_DIR; };
		046B44D02515847D040DEC62 /* Pods-DESIGNPATTERNTests.release.xcconfig */ = {isa = PBXFileReference; includeInIndex = 1; lastKnownFileType = text.xcconfig; name = "Pods-DESIGNPATTERNTests.release.xcconfig"; path = "Target Support Files/Pods-DESIGNPATTERNTests/Pods-DESIGNPATTERNTests.release.xcconfig"; sourceTree = "<group>"; };
		4E2A76B328C658F4006E98B3 /* MoviewDetailsVC.swift */ = {isa = PBXFileReference; lastKnownFileType = sourcecode.swift; path = MoviewDetailsVC.swift; sourceTree = "<group>"; };
		4E2A76B428C658F4006E98B3 /* MoviewDetailsVC.xib */ = {isa = PBXFileReference; lastKnownFileType = file.xib; path = MoviewDetailsVC.xib; sourceTree = "<group>"; };
		4E2A76B828C65A97006E98B3 /* 1.mp4 */ = {isa = PBXFileReference; lastKnownFileType = file; path = 1.mp4; sourceTree = "<group>"; };
		4E2A76BA28C66772006E98B3 /* LayoutManager.swift */ = {isa = PBXFileReference; fileEncoding = 4; lastKnownFileType = sourcecode.swift; path = LayoutManager.swift; sourceTree = "<group>"; };
		4E37C17928C6F5DE006E2BDC /* 6.mp4 */ = {isa = PBXFileReference; lastKnownFileType = file; path = 6.mp4; sourceTree = "<group>"; };
		4E37C17A28C6F5DF006E2BDC /* 2.mp4 */ = {isa = PBXFileReference; lastKnownFileType = file; path = 2.mp4; sourceTree = "<group>"; };
		4E37C17B28C6F5DF006E2BDC /* 7.mp4 */ = {isa = PBXFileReference; lastKnownFileType = file; path = 7.mp4; sourceTree = "<group>"; };
		4E37C17C28C6F5E0006E2BDC /* 9.mp4 */ = {isa = PBXFileReference; lastKnownFileType = file; path = 9.mp4; sourceTree = "<group>"; };
		4E37C17D28C6F5E0006E2BDC /* 3.mp4 */ = {isa = PBXFileReference; lastKnownFileType = file; path = 3.mp4; sourceTree = "<group>"; };
		4E37C17E28C6F5E0006E2BDC /* 8.mp4 */ = {isa = PBXFileReference; lastKnownFileType = file; path = 8.mp4; sourceTree = "<group>"; };
		4E37C17F28C6F5E1006E2BDC /* 10.mp4 */ = {isa = PBXFileReference; lastKnownFileType = file; path = 10.mp4; sourceTree = "<group>"; };
		4E37C18028C6F5E1006E2BDC /* 4.mp4 */ = {isa = PBXFileReference; lastKnownFileType = file; path = 4.mp4; sourceTree = "<group>"; };
		4E37C18128C6F5E2006E2BDC /* 5.mp4 */ = {isa = PBXFileReference; lastKnownFileType = file; path = 5.mp4; sourceTree = "<group>"; };
		4E37C18B28C6F9AE006E2BDC /* Dynamic.swift */ = {isa = PBXFileReference; lastKnownFileType = sourcecode.swift; path = Dynamic.swift; sourceTree = "<group>"; };
		4E37C19128C6FC7F006E2BDC /* MoviewListViewMVVM.swift */ = {isa = PBXFileReference; lastKnownFileType = sourcecode.swift; path = MoviewListViewMVVM.swift; sourceTree = "<group>"; };
		4E37C19328C6FCA5006E2BDC /* MoviewListViewMVVM.xib */ = {isa = PBXFileReference; lastKnownFileType = file.xib; path = MoviewListViewMVVM.xib; sourceTree = "<group>"; };
		4E37C19528C6FDD2006E2BDC /* MoviewListCellMVVM.swift */ = {isa = PBXFileReference; lastKnownFileType = sourcecode.swift; path = MoviewListCellMVVM.swift; sourceTree = "<group>"; };
		4E37C19628C6FDD2006E2BDC /* MoviewListCellMVVM.xib */ = {isa = PBXFileReference; lastKnownFileType = file.xib; path = MoviewListCellMVVM.xib; sourceTree = "<group>"; };
		4E37C19928C70144006E2BDC /* MovieListVcMVVM.swift */ = {isa = PBXFileReference; lastKnownFileType = sourcecode.swift; path = MovieListVcMVVM.swift; sourceTree = "<group>"; };
		4E37C19A28C70144006E2BDC /* MovieListVcMVVM.xib */ = {isa = PBXFileReference; lastKnownFileType = file.xib; path = MovieListVcMVVM.xib; sourceTree = "<group>"; };
		4E37C1A028C750B1006E2BDC /* Models.swift */ = {isa = PBXFileReference; lastKnownFileType = sourcecode.swift; path = Models.swift; sourceTree = "<group>"; };
		4E37C1A228C753C6006E2BDC /* MoviewListViewModel.swift */ = {isa = PBXFileReference; lastKnownFileType = sourcecode.swift; path = MoviewListViewModel.swift; sourceTree = "<group>"; };
		4E37C1A428C7BA35006E2BDC /* MovieDetailsVcMVVM.swift */ = {isa = PBXFileReference; lastKnownFileType = sourcecode.swift; path = MovieDetailsVcMVVM.swift; sourceTree = "<group>"; };
		4E37C1A528C7BA35006E2BDC /* MovieDetailsVcMVVM.xib */ = {isa = PBXFileReference; lastKnownFileType = file.xib; path = MovieDetailsVcMVVM.xib; sourceTree = "<group>"; };
		4E37C1A828C7BAA6006E2BDC /* MovieDetailsVw.swift */ = {isa = PBXFileReference; lastKnownFileType = sourcecode.swift; path = MovieDetailsVw.swift; sourceTree = "<group>"; };
		4E37C1AA28C7BABF006E2BDC /* MovieDetailsVw.xib */ = {isa = PBXFileReference; lastKnownFileType = file.xib; path = MovieDetailsVw.xib; sourceTree = "<group>"; };
		4E37C1AC28C7C836006E2BDC /* ModelProtocols.swift */ = {isa = PBXFileReference; lastKnownFileType = sourcecode.swift; path = ModelProtocols.swift; sourceTree = "<group>"; };
		4E37C1AE28C7C8CB006E2BDC /* MovieDetailsViewModel.swift */ = {isa = PBXFileReference; lastKnownFileType = sourcecode.swift; path = MovieDetailsViewModel.swift; sourceTree = "<group>"; };
		4E37C1B028C7CA47006E2BDC /* UIView+Extension.swift */ = {isa = PBXFileReference; lastKnownFileType = sourcecode.swift; path = "UIView+Extension.swift"; sourceTree = "<group>"; };
		4E37C1B728C7E05E006E2BDC /* MoviewListVcVIPER.swift */ = {isa = PBXFileReference; lastKnownFileType = sourcecode.swift; path = MoviewListVcVIPER.swift; sourceTree = "<group>"; };
		4E37C1B828C7E05E006E2BDC /* MoviewListVcVIPER.xib */ = {isa = PBXFileReference; lastKnownFileType = file.xib; path = MoviewListVcVIPER.xib; sourceTree = "<group>"; };
		4E37C1BF28C7E29C006E2BDC /* MovieListVwVIPER.swift */ = {isa = PBXFileReference; lastKnownFileType = sourcecode.swift; path = MovieListVwVIPER.swift; sourceTree = "<group>"; };
		4E37C1C128C7E2B1006E2BDC /* MovieListVwVIPER.xib */ = {isa = PBXFileReference; lastKnownFileType = file.xib; path = MovieListVwVIPER.xib; sourceTree = "<group>"; };
		4E42435028C7EE79005A8ACF /* MoviewListInteractor.swift */ = {isa = PBXFileReference; lastKnownFileType = sourcecode.swift; path = MoviewListInteractor.swift; sourceTree = "<group>"; };
		4E42435228C7EF6B005A8ACF /* MovieListRouter.swift */ = {isa = PBXFileReference; lastKnownFileType = sourcecode.swift; path = MovieListRouter.swift; sourceTree = "<group>"; };
		4E42435828C7F10D005A8ACF /* MoviewListPresenter.swift */ = {isa = PBXFileReference; lastKnownFileType = sourcecode.swift; path = MoviewListPresenter.swift; sourceTree = "<group>"; };
		4E84F98928D9CFA200D2BBBF /* Problem 9.swift */ = {isa = PBXFileReference; lastKnownFileType = sourcecode.swift; path = "Problem 9.swift"; sourceTree = "<group>"; };
		4E84F98B28D9E1CE00D2BBBF /* ChainOfRequest.swift */ = {isa = PBXFileReference; lastKnownFileType = sourcecode.swift; path = ChainOfRequest.swift; sourceTree = "<group>"; };
		4E84F98E28DAFAA200D2BBBF /* Command Pattern.swift */ = {isa = PBXFileReference; lastKnownFileType = sourcecode.swift; path = "Command Pattern.swift"; sourceTree = "<group>"; };
		4E84F99228DB3BC600D2BBBF /* Iterator Pattern.swift */ = {isa = PBXFileReference; lastKnownFileType = sourcecode.swift; path = "Iterator Pattern.swift"; sourceTree = "<group>"; };
		4E84F99528DE431600D2BBBF /* Problem 10.swift */ = {isa = PBXFileReference; lastKnownFileType = sourcecode.swift; path = "Problem 10.swift"; sourceTree = "<group>"; };
		4E84F99728DE44FE00D2BBBF /* Mediator Pattern.swift */ = {isa = PBXFileReference; lastKnownFileType = sourcecode.swift; path = "Mediator Pattern.swift"; sourceTree = "<group>"; };
		4E84F99A28DF2E2E00D2BBBF /* Problem 11.swift */ = {isa = PBXFileReference; lastKnownFileType = sourcecode.swift; path = "Problem 11.swift"; sourceTree = "<group>"; };
		4E84F99C28DF388D00D2BBBF /* Memento Pattern.swift */ = {isa = PBXFileReference; lastKnownFileType = sourcecode.swift; path = "Memento Pattern.swift"; sourceTree = "<group>"; };
		4E84F99F28DF70D000D2BBBF /* Problem 12.swift */ = {isa = PBXFileReference; lastKnownFileType = sourcecode.swift; path = "Problem 12.swift"; sourceTree = "<group>"; };
		4E84F9A128DF745C00D2BBBF /* State Pattern - Case 1.swift */ = {isa = PBXFileReference; lastKnownFileType = sourcecode.swift; path = "State Pattern - Case 1.swift"; sourceTree = "<group>"; };
		4E84F9A328DF747C00D2BBBF /* State Pattern Case 2.swift */ = {isa = PBXFileReference; lastKnownFileType = sourcecode.swift; path = "State Pattern Case 2.swift"; sourceTree = "<group>"; };
		4EADFDCB28E0194800470643 /* Problem 13.swift */ = {isa = PBXFileReference; lastKnownFileType = sourcecode.swift; path = "Problem 13.swift"; sourceTree = "<group>"; };
		4EADFDCD28E05F0B00470643 /* Strategy .swift */ = {isa = PBXFileReference; lastKnownFileType = sourcecode.swift; path = "Strategy .swift"; sourceTree = "<group>"; };
		4EADFDD028E08C9400470643 /* Problem 14.swift */ = {isa = PBXFileReference; lastKnownFileType = sourcecode.swift; path = "Problem 14.swift"; sourceTree = "<group>"; };
		4EADFDD228E08FE900470643 /* Template Pattern.swift */ = {isa = PBXFileReference; lastKnownFileType = sourcecode.swift; path = "Template Pattern.swift"; sourceTree = "<group>"; };
		4EADFDD528E0B3AC00470643 /* Problem 15.swift */ = {isa = PBXFileReference; lastKnownFileType = sourcecode.swift; path = "Problem 15.swift"; sourceTree = "<group>"; };
		4EADFDD728E0C65600470643 /* Visitor Pattern.swift */ = {isa = PBXFileReference; lastKnownFileType = sourcecode.swift; path = "Visitor Pattern.swift"; sourceTree = "<group>"; };
		4EADFDDB28E2034000470643 /* LoginInteractor.swift */ = {isa = PBXFileReference; fileEncoding = 4; lastKnownFileType = sourcecode.swift; path = LoginInteractor.swift; sourceTree = "<group>"; };
		4EADFDDC28E2034000470643 /* LoginModels.swift */ = {isa = PBXFileReference; fileEncoding = 4; lastKnownFileType = sourcecode.swift; path = LoginModels.swift; sourceTree = "<group>"; };
		4EADFDDD28E2034000470643 /* LoginViewController.swift */ = {isa = PBXFileReference; fileEncoding = 4; lastKnownFileType = sourcecode.swift; path = LoginViewController.swift; sourceTree = "<group>"; };
		4EADFDDE28E2034000470643 /* LoginPresenter.swift */ = {isa = PBXFileReference; fileEncoding = 4; lastKnownFileType = sourcecode.swift; path = LoginPresenter.swift; sourceTree = "<group>"; };
		4EADFDDF28E2034000470643 /* LoginRouter.swift */ = {isa = PBXFileReference; fileEncoding = 4; lastKnownFileType = sourcecode.swift; path = LoginRouter.swift; sourceTree = "<group>"; };
		4EADFDE028E2034000470643 /* LoginViewController.storyboard */ = {isa = PBXFileReference; fileEncoding = 4; lastKnownFileType = file.storyboard; path = LoginViewController.storyboard; sourceTree = "<group>"; };
		4EADFDE828E2038800470643 /* Result.swift */ = {isa = PBXFileReference; fileEncoding = 4; lastKnownFileType = sourcecode.swift; path = Result.swift; sourceTree = "<group>"; };
		4EADFDE928E2038800470643 /* User.swift */ = {isa = PBXFileReference; fileEncoding = 4; lastKnownFileType = sourcecode.swift; path = User.swift; sourceTree = "<group>"; };
		4EC5C1DD28C33756008E2AEC /* DESIGNPATTERN.app */ = {isa = PBXFileReference; explicitFileType = wrapper.application; includeInIndex = 0; path = DESIGNPATTERN.app; sourceTree = BUILT_PRODUCTS_DIR; };
		4EC5C1E028C33756008E2AEC /* AppDelegate.swift */ = {isa = PBXFileReference; lastKnownFileType = sourcecode.swift; path = AppDelegate.swift; sourceTree = "<group>"; };
		4EC5C1E228C33756008E2AEC /* SceneDelegate.swift */ = {isa = PBXFileReference; lastKnownFileType = sourcecode.swift; path = SceneDelegate.swift; sourceTree = "<group>"; };
		4EC5C1E428C33756008E2AEC /* ViewController.swift */ = {isa = PBXFileReference; lastKnownFileType = sourcecode.swift; path = ViewController.swift; sourceTree = "<group>"; };
		4EC5C1E728C33756008E2AEC /* Base */ = {isa = PBXFileReference; lastKnownFileType = file.storyboard; name = Base; path = Base.lproj/Main.storyboard; sourceTree = "<group>"; };
		4EC5C1E928C33756008E2AEC /* Assets.xcassets */ = {isa = PBXFileReference; lastKnownFileType = folder.assetcatalog; path = Assets.xcassets; sourceTree = "<group>"; };
		4EC5C1EC28C33756008E2AEC /* Base */ = {isa = PBXFileReference; lastKnownFileType = file.storyboard; name = Base; path = Base.lproj/LaunchScreen.storyboard; sourceTree = "<group>"; };
		4EC5C1EE28C33756008E2AEC /* Info.plist */ = {isa = PBXFileReference; lastKnownFileType = text.plist.xml; path = Info.plist; sourceTree = "<group>"; };
		4EC5C1F328C33756008E2AEC /* DESIGNPATTERNTests.xctest */ = {isa = PBXFileReference; explicitFileType = wrapper.cfbundle; includeInIndex = 0; path = DESIGNPATTERNTests.xctest; sourceTree = BUILT_PRODUCTS_DIR; };
		4EC5C1F728C33756008E2AEC /* DESIGNPATTERNTests.swift */ = {isa = PBXFileReference; lastKnownFileType = sourcecode.swift; path = DESIGNPATTERNTests.swift; sourceTree = "<group>"; };
		4EC5C1FD28C33756008E2AEC /* DESIGNPATTERNUITests.xctest */ = {isa = PBXFileReference; explicitFileType = wrapper.cfbundle; includeInIndex = 0; path = DESIGNPATTERNUITests.xctest; sourceTree = BUILT_PRODUCTS_DIR; };
		4EC5C20128C33756008E2AEC /* DESIGNPATTERNUITests.swift */ = {isa = PBXFileReference; lastKnownFileType = sourcecode.swift; path = DESIGNPATTERNUITests.swift; sourceTree = "<group>"; };
		4EC5C20328C33756008E2AEC /* DESIGNPATTERNUITestsLaunchTests.swift */ = {isa = PBXFileReference; lastKnownFileType = sourcecode.swift; path = DESIGNPATTERNUITestsLaunchTests.swift; sourceTree = "<group>"; };
		4EC5C23B28C34FAD008E2AEC /* NetworkManager.swift */ = {isa = PBXFileReference; lastKnownFileType = sourcecode.swift; path = NetworkManager.swift; sourceTree = "<group>"; };
		4EC5C23E28C4A540008E2AEC /* Movie.swift */ = {isa = PBXFileReference; lastKnownFileType = sourcecode.swift; path = Movie.swift; sourceTree = "<group>"; };
		4EC5C24328C4EF18008E2AEC /* MoviewListVc_MVC.swift */ = {isa = PBXFileReference; lastKnownFileType = sourcecode.swift; path = MoviewListVc_MVC.swift; sourceTree = "<group>"; };
		4EC5C24428C4EF18008E2AEC /* MoviewListVc_MVC.xib */ = {isa = PBXFileReference; lastKnownFileType = file.xib; path = MoviewListVc_MVC.xib; sourceTree = "<group>"; };
		4EC5C24728C4F047008E2AEC /* MoviewListCell.swift */ = {isa = PBXFileReference; lastKnownFileType = sourcecode.swift; path = MoviewListCell.swift; sourceTree = "<group>"; };
		4EC5C24828C4F047008E2AEC /* MoviewListCell.xib */ = {isa = PBXFileReference; lastKnownFileType = file.xib; path = MoviewListCell.xib; sourceTree = "<group>"; };
		4EC5C24B28C4F089008E2AEC /* Constants.swift */ = {isa = PBXFileReference; lastKnownFileType = sourcecode.swift; path = Constants.swift; sourceTree = "<group>"; };
		4EF485DC28CC9A970048660B /* Problem1.swift */ = {isa = PBXFileReference; lastKnownFileType = sourcecode.swift; path = Problem1.swift; sourceTree = "<group>"; };
		4EF485DE28CC9EA70048660B /* Factory Method - Solution.swift */ = {isa = PBXFileReference; lastKnownFileType = sourcecode.swift; path = "Factory Method - Solution.swift"; sourceTree = "<group>"; };
		4EF485E128CE0BCC0048660B /* Abstract Factory Uses.swift */ = {isa = PBXFileReference; lastKnownFileType = sourcecode.swift; path = "Abstract Factory Uses.swift"; sourceTree = "<group>"; };
		4EF485E328CE0FFC0048660B /* Abstract Factory Pattern.swift */ = {isa = PBXFileReference; lastKnownFileType = sourcecode.swift; path = "Abstract Factory Pattern.swift"; sourceTree = "<group>"; };
		4EF485E528CF17170048660B /* Abstract Factory- Ex 2.swift */ = {isa = PBXFileReference; lastKnownFileType = sourcecode.swift; path = "Abstract Factory- Ex 2.swift"; sourceTree = "<group>"; };
		4EF485E828CF5CFB0048660B /* Problem-2.swift */ = {isa = PBXFileReference; lastKnownFileType = sourcecode.swift; path = "Problem-2.swift"; sourceTree = "<group>"; };
		4EF485EA28CF65AC0048660B /* Builder Patterns Use1.swift */ = {isa = PBXFileReference; lastKnownFileType = sourcecode.swift; path = "Builder Patterns Use1.swift"; sourceTree = "<group>"; };
		4EF485ED28CF8AFD0048660B /* Prototype-Pattern.swift */ = {isa = PBXFileReference; lastKnownFileType = sourcecode.swift; path = "Prototype-Pattern.swift"; sourceTree = "<group>"; };
		4EF485F028CF8FFC0048660B /* Singleton - Pattern.swift */ = {isa = PBXFileReference; lastKnownFileType = sourcecode.swift; path = "Singleton - Pattern.swift"; sourceTree = "<group>"; };
		4EF485F328CFC70D0048660B /* Problem 3.swift */ = {isa = PBXFileReference; lastKnownFileType = sourcecode.swift; path = "Problem 3.swift"; sourceTree = "<group>"; };
		4EF485F528CFCAF40048660B /* Adapter - Ex1.swift */ = {isa = PBXFileReference; lastKnownFileType = sourcecode.swift; path = "Adapter - Ex1.swift"; sourceTree = "<group>"; };
		4EF485F728CFCD5C0048660B /* Adapter-Ex2.swift */ = {isa = PBXFileReference; lastKnownFileType = sourcecode.swift; path = "Adapter-Ex2.swift"; sourceTree = "<group>"; };
		4EF485FA28D060920048660B /* Problem - 4.swift */ = {isa = PBXFileReference; lastKnownFileType = sourcecode.swift; path = "Problem - 4.swift"; sourceTree = "<group>"; };
		4EF485FC28D066410048660B /* Bridge - Ex1 .swift */ = {isa = PBXFileReference; lastKnownFileType = sourcecode.swift; path = "Bridge - Ex1 .swift"; sourceTree = "<group>"; };
		4EF485FE28D06DD60048660B /* Bridge-Ex2.swift */ = {isa = PBXFileReference; lastKnownFileType = sourcecode.swift; path = "Bridge-Ex2.swift"; sourceTree = "<group>"; };
		4EF4860128D088ED0048660B /* Problem 5.swift */ = {isa = PBXFileReference; lastKnownFileType = sourcecode.swift; path = "Problem 5.swift"; sourceTree = "<group>"; };
		4EF4860328D08F150048660B /* Composite - Pattern.swift */ = {isa = PBXFileReference; lastKnownFileType = sourcecode.swift; path = "Composite - Pattern.swift"; sourceTree = "<group>"; };
		4EF4860528D095140048660B /* Composite - Pattern Ex1.swift */ = {isa = PBXFileReference; lastKnownFileType = sourcecode.swift; path = "Composite - Pattern Ex1.swift"; sourceTree = "<group>"; };
		4EF4860828D0A8A60048660B /* Decorator - Pattern.swift */ = {isa = PBXFileReference; lastKnownFileType = sourcecode.swift; path = "Decorator - Pattern.swift"; sourceTree = "<group>"; };
		4EF4860B28D0C45E0048660B /* Facade.swift */ = {isa = PBXFileReference; lastKnownFileType = sourcecode.swift; path = Facade.swift; sourceTree = "<group>"; };
		4EF4860E28D4050E0048660B /* Problem 6.swift */ = {isa = PBXFileReference; lastKnownFileType = sourcecode.swift; path = "Problem 6.swift"; sourceTree = "<group>"; };
		4EF4861028D418A70048660B /* Flyweight.swift */ = {isa = PBXFileReference; lastKnownFileType = sourcecode.swift; path = Flyweight.swift; sourceTree = "<group>"; };
		4EF4861328D43CE50048660B /* Problem 7.swift */ = {isa = PBXFileReference; lastKnownFileType = sourcecode.swift; path = "Problem 7.swift"; sourceTree = "<group>"; };
		4EF4861528D4E8170048660B /* Proxy pattern .swift */ = {isa = PBXFileReference; lastKnownFileType = sourcecode.swift; path = "Proxy pattern .swift"; sourceTree = "<group>"; };
		6A63326A66F44E9D2036AF34 /* Pods-DESIGNPATTERN-DESIGNPATTERNUITests.debug.xcconfig */ = {isa = PBXFileReference; includeInIndex = 1; lastKnownFileType = text.xcconfig; name = "Pods-DESIGNPATTERN-DESIGNPATTERNUITests.debug.xcconfig"; path = "Target Support Files/Pods-DESIGNPATTERN-DESIGNPATTERNUITests/Pods-DESIGNPATTERN-DESIGNPATTERNUITests.debug.xcconfig"; sourceTree = "<group>"; };
		8766C153C73BD7415DE07C9B /* Pods-DESIGNPATTERN.release.xcconfig */ = {isa = PBXFileReference; includeInIndex = 1; lastKnownFileType = text.xcconfig; name = "Pods-DESIGNPATTERN.release.xcconfig"; path = "Target Support Files/Pods-DESIGNPATTERN/Pods-DESIGNPATTERN.release.xcconfig"; sourceTree = "<group>"; };
		88AC56CC75DC0C8B72718DE8 /* Pods-DESIGNPATTERN-DESIGNPATTERNUITests.release.xcconfig */ = {isa = PBXFileReference; includeInIndex = 1; lastKnownFileType = text.xcconfig; name = "Pods-DESIGNPATTERN-DESIGNPATTERNUITests.release.xcconfig"; path = "Target Support Files/Pods-DESIGNPATTERN-DESIGNPATTERNUITests/Pods-DESIGNPATTERN-DESIGNPATTERNUITests.release.xcconfig"; sourceTree = "<group>"; };
		9323D7D9958FDB88ACB20058 /* Pods_DESIGNPATTERNTests.framework */ = {isa = PBXFileReference; explicitFileType = wrapper.framework; includeInIndex = 0; path = Pods_DESIGNPATTERNTests.framework; sourceTree = BUILT_PRODUCTS_DIR; };
		95B63966C670A0902399EDC4 /* Pods_DESIGNPATTERN_DESIGNPATTERNUITests.framework */ = {isa = PBXFileReference; explicitFileType = wrapper.framework; includeInIndex = 0; path = Pods_DESIGNPATTERN_DESIGNPATTERNUITests.framework; sourceTree = BUILT_PRODUCTS_DIR; };
		CB7BD7F3D9B8310369F8B8E5 /* Pods-DESIGNPATTERNTests.debug.xcconfig */ = {isa = PBXFileReference; includeInIndex = 1; lastKnownFileType = text.xcconfig; name = "Pods-DESIGNPATTERNTests.debug.xcconfig"; path = "Target Support Files/Pods-DESIGNPATTERNTests/Pods-DESIGNPATTERNTests.debug.xcconfig"; sourceTree = "<group>"; };
		FB175CB581BC4FD7EEF9720E /* Pods-DESIGNPATTERN.debug.xcconfig */ = {isa = PBXFileReference; includeInIndex = 1; lastKnownFileType = text.xcconfig; name = "Pods-DESIGNPATTERN.debug.xcconfig"; path = "Target Support Files/Pods-DESIGNPATTERN/Pods-DESIGNPATTERN.debug.xcconfig"; sourceTree = "<group>"; };
/* End PBXFileReference section */

/* Begin PBXFrameworksBuildPhase section */
		4EC5C1DA28C33756008E2AEC /* Frameworks */ = {
			isa = PBXFrameworksBuildPhase;
			buildActionMask = 2147483647;
			files = (
				375849D795479DECF883A245 /* Pods_DESIGNPATTERN.framework in Frameworks */,
			);
			runOnlyForDeploymentPostprocessing = 0;
		};
		4EC5C1F028C33756008E2AEC /* Frameworks */ = {
			isa = PBXFrameworksBuildPhase;
			buildActionMask = 2147483647;
			files = (
				54C31700C91DDC8643BCC569 /* Pods_DESIGNPATTERNTests.framework in Frameworks */,
			);
			runOnlyForDeploymentPostprocessing = 0;
		};
		4EC5C1FA28C33756008E2AEC /* Frameworks */ = {
			isa = PBXFrameworksBuildPhase;
			buildActionMask = 2147483647;
			files = (
				63003B2EB550ABC227BCCE29 /* Pods_DESIGNPATTERN_DESIGNPATTERNUITests.framework in Frameworks */,
			);
			runOnlyForDeploymentPostprocessing = 0;
		};
/* End PBXFrameworksBuildPhase section */

/* Begin PBXGroup section */
		4E2A76B728C65A75006E98B3 /* Resources */ = {
			isa = PBXGroup;
			children = (
				4E37C17A28C6F5DF006E2BDC /* 2.mp4 */,
				4E37C17D28C6F5E0006E2BDC /* 3.mp4 */,
				4E37C18028C6F5E1006E2BDC /* 4.mp4 */,
				4E37C18128C6F5E2006E2BDC /* 5.mp4 */,
				4E37C17928C6F5DE006E2BDC /* 6.mp4 */,
				4E37C17B28C6F5DF006E2BDC /* 7.mp4 */,
				4E37C17E28C6F5E0006E2BDC /* 8.mp4 */,
				4E37C17C28C6F5E0006E2BDC /* 9.mp4 */,
				4E37C17F28C6F5E1006E2BDC /* 10.mp4 */,
				4E2A76B828C65A97006E98B3 /* 1.mp4 */,
			);
			path = Resources;
			sourceTree = "<group>";
		};
		4E37C19D28C7501D006E2BDC /* VIEW-MVVM */ = {
			isa = PBXGroup;
			children = (
				4E37C19928C70144006E2BDC /* MovieListVcMVVM.swift */,
				4E37C19A28C70144006E2BDC /* MovieListVcMVVM.xib */,
				4E37C19128C6FC7F006E2BDC /* MoviewListViewMVVM.swift */,
				4E37C19328C6FCA5006E2BDC /* MoviewListViewMVVM.xib */,
				4E37C19528C6FDD2006E2BDC /* MoviewListCellMVVM.swift */,
				4E37C19628C6FDD2006E2BDC /* MoviewListCellMVVM.xib */,
				4E37C1A428C7BA35006E2BDC /* MovieDetailsVcMVVM.swift */,
				4E37C1A528C7BA35006E2BDC /* MovieDetailsVcMVVM.xib */,
				4E37C1A828C7BAA6006E2BDC /* MovieDetailsVw.swift */,
				4E37C1AA28C7BABF006E2BDC /* MovieDetailsVw.xib */,
			);
			path = "VIEW-MVVM";
			sourceTree = "<group>";
		};
		4E37C19E28C75060006E2BDC /* Models-MVVM */ = {
			isa = PBXGroup;
			children = (
				4E37C1A028C750B1006E2BDC /* Models.swift */,
			);
			path = "Models-MVVM";
			sourceTree = "<group>";
		};
		4E37C19F28C75075006E2BDC /* ViewModel */ = {
			isa = PBXGroup;
			children = (
				4E37C1A228C753C6006E2BDC /* MoviewListViewModel.swift */,
				4E37C1AE28C7C8CB006E2BDC /* MovieDetailsViewModel.swift */,
				4E37C1AC28C7C836006E2BDC /* ModelProtocols.swift */,
			);
			path = ViewModel;
			sourceTree = "<group>";
		};
		4E37C1B228C7DD6F006E2BDC /* VIEW-VIPER */ = {
			isa = PBXGroup;
			children = (
				4E37C1B728C7E05E006E2BDC /* MoviewListVcVIPER.swift */,
				4E37C1B828C7E05E006E2BDC /* MoviewListVcVIPER.xib */,
				4E37C1BF28C7E29C006E2BDC /* MovieListVwVIPER.swift */,
				4E37C1C128C7E2B1006E2BDC /* MovieListVwVIPER.xib */,
			);
			path = "VIEW-VIPER";
			sourceTree = "<group>";
		};
		4E37C1B328C7DDB2006E2BDC /* Interactor */ = {
			isa = PBXGroup;
			children = (
				4E42435028C7EE79005A8ACF /* MoviewListInteractor.swift */,
			);
			path = Interactor;
			sourceTree = "<group>";
		};
		4E37C1B428C7DE0F006E2BDC /* Presenter */ = {
			isa = PBXGroup;
			children = (
				4E42435828C7F10D005A8ACF /* MoviewListPresenter.swift */,
			);
			path = Presenter;
			sourceTree = "<group>";
		};
		4E37C1B528C7DE27006E2BDC /* Entity */ = {
			isa = PBXGroup;
			children = (
			);
			path = Entity;
			sourceTree = "<group>";
		};
		4E37C1B628C7DE35006E2BDC /* Router */ = {
			isa = PBXGroup;
			children = (
				4E42435228C7EF6B005A8ACF /* MovieListRouter.swift */,
			);
			path = Router;
			sourceTree = "<group>";
		};
		4E84F98828D9CF6D00D2BBBF /* Chain-Of-Responsibility */ = {
			isa = PBXGroup;
			children = (
				4E84F98928D9CFA200D2BBBF /* Problem 9.swift */,
				4E84F98B28D9E1CE00D2BBBF /* ChainOfRequest.swift */,
			);
			path = "Chain-Of-Responsibility";
			sourceTree = "<group>";
		};
		4E84F98D28DAFA7B00D2BBBF /* Command Design Pattern */ = {
			isa = PBXGroup;
			children = (
				4E84F98E28DAFAA200D2BBBF /* Command Pattern.swift */,
			);
			path = "Command Design Pattern";
			sourceTree = "<group>";
		};
		4E84F99128DB3BAF00D2BBBF /* Iterator */ = {
			isa = PBXGroup;
			children = (
				4E84F99228DB3BC600D2BBBF /* Iterator Pattern.swift */,
			);
			path = Iterator;
			sourceTree = "<group>";
		};
		4E84F99428DE42F700D2BBBF /* Mediator Pattern */ = {
			isa = PBXGroup;
			children = (
				4E84F99528DE431600D2BBBF /* Problem 10.swift */,
				4E84F99728DE44FE00D2BBBF /* Mediator Pattern.swift */,
			);
			path = "Mediator Pattern";
			sourceTree = "<group>";
		};
		4E84F99928DF109100D2BBBF /* Memento Pattern */ = {
			isa = PBXGroup;
			children = (
				4E84F99A28DF2E2E00D2BBBF /* Problem 11.swift */,
				4E84F99C28DF388D00D2BBBF /* Memento Pattern.swift */,
			);
			path = "Memento Pattern";
			sourceTree = "<group>";
		};
		4E84F99E28DF70C400D2BBBF /* State Pattern */ = {
			isa = PBXGroup;
			children = (
				4E84F99F28DF70D000D2BBBF /* Problem 12.swift */,
				4E84F9A128DF745C00D2BBBF /* State Pattern - Case 1.swift */,
				4E84F9A328DF747C00D2BBBF /* State Pattern Case 2.swift */,
			);
			path = "State Pattern";
			sourceTree = "<group>";
		};
		4EADFDCA28E0192C00470643 /* Strategy Pattern */ = {
			isa = PBXGroup;
			children = (
				4EADFDCB28E0194800470643 /* Problem 13.swift */,
				4EADFDCD28E05F0B00470643 /* Strategy .swift */,
			);
			path = "Strategy Pattern";
			sourceTree = "<group>";
		};
		4EADFDCF28E08AEB00470643 /* Template Method Pattern */ = {
			isa = PBXGroup;
			children = (
				4EADFDD028E08C9400470643 /* Problem 14.swift */,
				4EADFDD228E08FE900470643 /* Template Pattern.swift */,
			);
			path = "Template Method Pattern";
			sourceTree = "<group>";
		};
		4EADFDD428E0B39C00470643 /* Visitor Pattern */ = {
			isa = PBXGroup;
			children = (
				4EADFDD528E0B3AC00470643 /* Problem 15.swift */,
				4EADFDD728E0C65600470643 /* Visitor Pattern.swift */,
			);
			path = "Visitor Pattern";
			sourceTree = "<group>";
		};
		4EADFDD928E2032300470643 /* Clean Architecture */ = {
			isa = PBXGroup;
			children = (
				4EADFDE728E2038800470643 /* Model */,
				4EADFDDA28E2034000470643 /* Login */,
			);
			path = "Clean Architecture";
			sourceTree = "<group>";
		};
		4EADFDDA28E2034000470643 /* Login */ = {
			isa = PBXGroup;
			children = (
				4EADFDDB28E2034000470643 /* LoginInteractor.swift */,
				4EADFDDC28E2034000470643 /* LoginModels.swift */,
				4EADFDDD28E2034000470643 /* LoginViewController.swift */,
				4EADFDDE28E2034000470643 /* LoginPresenter.swift */,
				4EADFDDF28E2034000470643 /* LoginRouter.swift */,
				4EADFDE028E2034000470643 /* LoginViewController.storyboard */,
			);
			path = Login;
			sourceTree = "<group>";
		};
		4EADFDE728E2038800470643 /* Model */ = {
			isa = PBXGroup;
			children = (
				4EADFDE828E2038800470643 /* Result.swift */,
				4EADFDE928E2038800470643 /* User.swift */,
			);
			path = Model;
			sourceTree = "<group>";
		};
		4EC5C1D428C33756008E2AEC = {
			isa = PBXGroup;
			children = (
				4EC5C1DF28C33756008E2AEC /* DESIGNPATTERN */,
				4EC5C1F628C33756008E2AEC /* DESIGNPATTERNTests */,
				4EC5C20028C33756008E2AEC /* DESIGNPATTERNUITests */,
				4EC5C1DE28C33756008E2AEC /* Products */,
				E5A5318B6DDD5976E524BC62 /* Pods */,
				7E2FC943EDC573632CC17D70 /* Frameworks */,
			);
			sourceTree = "<group>";
		};
		4EC5C1DE28C33756008E2AEC /* Products */ = {
			isa = PBXGroup;
			children = (
				4EC5C1DD28C33756008E2AEC /* DESIGNPATTERN.app */,
				4EC5C1F328C33756008E2AEC /* DESIGNPATTERNTests.xctest */,
				4EC5C1FD28C33756008E2AEC /* DESIGNPATTERNUITests.xctest */,
			);
			name = Products;
			sourceTree = "<group>";
		};
		4EC5C1DF28C33756008E2AEC /* DESIGNPATTERN */ = {
			isa = PBXGroup;
			children = (
				4EC5C1E028C33756008E2AEC /* AppDelegate.swift */,
				4EC5C1E228C33756008E2AEC /* SceneDelegate.swift */,
				4EC5C1E428C33756008E2AEC /* ViewController.swift */,
				4EF485D828CC8D810048660B /* Creational-Design-Patterns */,
				4EF485D928CC8D9B0048660B /* Structural-Design-Patterns */,
				4EF485DA28CC8DBF0048660B /* Behavioral-Design-Pattern */,
				4EF485D728CC8CE10048660B /* Architectural-Design-Patterns */,
				4EC5C23D28C4A531008E2AEC /* Models */,
				4EC5C23A28C34F83008E2AEC /* Utility */,
				4EC5C1E628C33756008E2AEC /* Main.storyboard */,
				4EC5C1E928C33756008E2AEC /* Assets.xcassets */,
				4EC5C1EB28C33756008E2AEC /* LaunchScreen.storyboard */,
				4EC5C1EE28C33756008E2AEC /* Info.plist */,
				4E2A76B728C65A75006E98B3 /* Resources */,
			);
			path = DESIGNPATTERN;
			sourceTree = "<group>";
		};
		4EC5C1F628C33756008E2AEC /* DESIGNPATTERNTests */ = {
			isa = PBXGroup;
			children = (
				4EC5C1F728C33756008E2AEC /* DESIGNPATTERNTests.swift */,
			);
			path = DESIGNPATTERNTests;
			sourceTree = "<group>";
		};
		4EC5C20028C33756008E2AEC /* DESIGNPATTERNUITests */ = {
			isa = PBXGroup;
			children = (
				4EC5C20128C33756008E2AEC /* DESIGNPATTERNUITests.swift */,
				4EC5C20328C33756008E2AEC /* DESIGNPATTERNUITestsLaunchTests.swift */,
			);
			path = DESIGNPATTERNUITests;
			sourceTree = "<group>";
		};
		4EC5C23A28C34F83008E2AEC /* Utility */ = {
			isa = PBXGroup;
			children = (
				4E2A76BA28C66772006E98B3 /* LayoutManager.swift */,
				4E37C1B028C7CA47006E2BDC /* UIView+Extension.swift */,
				4E37C18B28C6F9AE006E2BDC /* Dynamic.swift */,
				4EC5C24B28C4F089008E2AEC /* Constants.swift */,
				4EC5C23B28C34FAD008E2AEC /* NetworkManager.swift */,
			);
			path = Utility;
			sourceTree = "<group>";
		};
		4EC5C23D28C4A531008E2AEC /* Models */ = {
			isa = PBXGroup;
			children = (
				4EC5C23E28C4A540008E2AEC /* Movie.swift */,
			);
			path = Models;
			sourceTree = "<group>";
		};
		4EC5C24028C4B078008E2AEC /* MVC */ = {
			isa = PBXGroup;
			children = (
				4EC5C24328C4EF18008E2AEC /* MoviewListVc_MVC.swift */,
				4EC5C24428C4EF18008E2AEC /* MoviewListVc_MVC.xib */,
				4EC5C24728C4F047008E2AEC /* MoviewListCell.swift */,
				4EC5C24828C4F047008E2AEC /* MoviewListCell.xib */,
				4E2A76B328C658F4006E98B3 /* MoviewDetailsVC.swift */,
				4E2A76B428C658F4006E98B3 /* MoviewDetailsVC.xib */,
			);
			path = MVC;
			sourceTree = "<group>";
		};
		4EC5C24128C4B094008E2AEC /* MVVM */ = {
			isa = PBXGroup;
			children = (
				4E37C19F28C75075006E2BDC /* ViewModel */,
				4E37C19E28C75060006E2BDC /* Models-MVVM */,
				4E37C19D28C7501D006E2BDC /* VIEW-MVVM */,
			);
			path = MVVM;
			sourceTree = "<group>";
		};
		4EC5C24228C4B09F008E2AEC /* VIPER */ = {
			isa = PBXGroup;
			children = (
				4E37C1B228C7DD6F006E2BDC /* VIEW-VIPER */,
				4E37C1B328C7DDB2006E2BDC /* Interactor */,
				4E37C1B428C7DE0F006E2BDC /* Presenter */,
				4E37C1B528C7DE27006E2BDC /* Entity */,
				4E37C1B628C7DE35006E2BDC /* Router */,
			);
			path = VIPER;
			sourceTree = "<group>";
		};
		4EF485D728CC8CE10048660B /* Architectural-Design-Patterns */ = {
			isa = PBXGroup;
			children = (
				4EADFDD928E2032300470643 /* Clean Architecture */,
				4EC5C24228C4B09F008E2AEC /* VIPER */,
				4EC5C24128C4B094008E2AEC /* MVVM */,
				4EC5C24028C4B078008E2AEC /* MVC */,
			);
			path = "Architectural-Design-Patterns";
			sourceTree = "<group>";
		};
		4EF485D828CC8D810048660B /* Creational-Design-Patterns */ = {
			isa = PBXGroup;
			children = (
				4EF485EF28CF8FE80048660B /* Singleton Pattern */,
				4EF485EC28CF8AE40048660B /* Prototype */,
				4EF485DB28CC8E140048660B /* Factory-Method-Design-Pattern */,
				4EF485E028CE0AE90048660B /* Abstract Factory Pattern */,
				4EF485E728CF5AD10048660B /* Builder  */,
			);
			path = "Creational-Design-Patterns";
			sourceTree = "<group>";
		};
		4EF485D928CC8D9B0048660B /* Structural-Design-Patterns */ = {
			isa = PBXGroup;
			children = (
				4EF485F228CFC6FD0048660B /* Adapter Pattern */,
				4EF485F928D060690048660B /* Bridge */,
				4EF4860028D088E00048660B /* Composite */,
				4EF4860728D09C2D0048660B /* Decorator Pattern */,
				4EF4860A28D0BEEC0048660B /* Facade */,
				4EF4860D28D3AFF60048660B /* Flyweight */,
				4EF4861228D43C650048660B /* Proxy */,
			);
			path = "Structural-Design-Patterns";
			sourceTree = "<group>";
		};
		4EF485DA28CC8DBF0048660B /* Behavioral-Design-Pattern */ = {
			isa = PBXGroup;
			children = (
				4EADFDD428E0B39C00470643 /* Visitor Pattern */,
				4EADFDCF28E08AEB00470643 /* Template Method Pattern */,
				4EADFDCA28E0192C00470643 /* Strategy Pattern */,
				4E84F99E28DF70C400D2BBBF /* State Pattern */,
				4E84F99928DF109100D2BBBF /* Memento Pattern */,
				4E84F99428DE42F700D2BBBF /* Mediator Pattern */,
				4E84F99128DB3BAF00D2BBBF /* Iterator */,
				4E84F98D28DAFA7B00D2BBBF /* Command Design Pattern */,
				4E84F98828D9CF6D00D2BBBF /* Chain-Of-Responsibility */,
			);
			path = "Behavioral-Design-Pattern";
			sourceTree = "<group>";
		};
		4EF485DB28CC8E140048660B /* Factory-Method-Design-Pattern */ = {
			isa = PBXGroup;
			children = (
				4EF485DC28CC9A970048660B /* Problem1.swift */,
				4EF485DE28CC9EA70048660B /* Factory Method - Solution.swift */,
			);
			path = "Factory-Method-Design-Pattern";
			sourceTree = "<group>";
		};
		4EF485E028CE0AE90048660B /* Abstract Factory Pattern */ = {
			isa = PBXGroup;
			children = (
				4EF485E128CE0BCC0048660B /* Abstract Factory Uses.swift */,
				4EF485E328CE0FFC0048660B /* Abstract Factory Pattern.swift */,
				4EF485E528CF17170048660B /* Abstract Factory- Ex 2.swift */,
			);
			path = "Abstract Factory Pattern";
			sourceTree = "<group>";
		};
		4EF485E728CF5AD10048660B /* Builder  */ = {
			isa = PBXGroup;
			children = (
				4EF485E828CF5CFB0048660B /* Problem-2.swift */,
				4EF485EA28CF65AC0048660B /* Builder Patterns Use1.swift */,
			);
			path = "Builder ";
			sourceTree = "<group>";
		};
		4EF485EC28CF8AE40048660B /* Prototype */ = {
			isa = PBXGroup;
			children = (
				4EF485ED28CF8AFD0048660B /* Prototype-Pattern.swift */,
			);
			path = Prototype;
			sourceTree = "<group>";
		};
		4EF485EF28CF8FE80048660B /* Singleton Pattern */ = {
			isa = PBXGroup;
			children = (
				4EF485F028CF8FFC0048660B /* Singleton - Pattern.swift */,
			);
			path = "Singleton Pattern";
			sourceTree = "<group>";
		};
		4EF485F228CFC6FD0048660B /* Adapter Pattern */ = {
			isa = PBXGroup;
			children = (
				4EF485F328CFC70D0048660B /* Problem 3.swift */,
				4EF485F528CFCAF40048660B /* Adapter - Ex1.swift */,
				4EF485F728CFCD5C0048660B /* Adapter-Ex2.swift */,
			);
			path = "Adapter Pattern";
			sourceTree = "<group>";
		};
		4EF485F928D060690048660B /* Bridge */ = {
			isa = PBXGroup;
			children = (
				4EF485FA28D060920048660B /* Problem - 4.swift */,
				4EF485FC28D066410048660B /* Bridge - Ex1 .swift */,
				4EF485FE28D06DD60048660B /* Bridge-Ex2.swift */,
			);
			path = Bridge;
			sourceTree = "<group>";
		};
		4EF4860028D088E00048660B /* Composite */ = {
			isa = PBXGroup;
			children = (
				4EF4860128D088ED0048660B /* Problem 5.swift */,
				4EF4860528D095140048660B /* Composite - Pattern Ex1.swift */,
				4EF4860328D08F150048660B /* Composite - Pattern.swift */,
			);
			path = Composite;
			sourceTree = "<group>";
		};
		4EF4860728D09C2D0048660B /* Decorator Pattern */ = {
			isa = PBXGroup;
			children = (
				4EF4860828D0A8A60048660B /* Decorator - Pattern.swift */,
			);
			path = "Decorator Pattern";
			sourceTree = "<group>";
		};
		4EF4860A28D0BEEC0048660B /* Facade */ = {
			isa = PBXGroup;
			children = (
				4EF4860B28D0C45E0048660B /* Facade.swift */,
			);
			path = Facade;
			sourceTree = "<group>";
		};
		4EF4860D28D3AFF60048660B /* Flyweight */ = {
			isa = PBXGroup;
			children = (
				4EF4860E28D4050E0048660B /* Problem 6.swift */,
				4EF4861028D418A70048660B /* Flyweight.swift */,
			);
			path = Flyweight;
			sourceTree = "<group>";
		};
		4EF4861228D43C650048660B /* Proxy */ = {
			isa = PBXGroup;
			children = (
				4EF4861328D43CE50048660B /* Problem 7.swift */,
				4EF4861528D4E8170048660B /* Proxy pattern .swift */,
			);
			path = Proxy;
			sourceTree = "<group>";
		};
		7E2FC943EDC573632CC17D70 /* Frameworks */ = {
			isa = PBXGroup;
			children = (
				008477156DCBA3131DF8B35D /* Pods_DESIGNPATTERN.framework */,
				95B63966C670A0902399EDC4 /* Pods_DESIGNPATTERN_DESIGNPATTERNUITests.framework */,
				9323D7D9958FDB88ACB20058 /* Pods_DESIGNPATTERNTests.framework */,
			);
			name = Frameworks;
			sourceTree = "<group>";
		};
		E5A5318B6DDD5976E524BC62 /* Pods */ = {
			isa = PBXGroup;
			children = (
				FB175CB581BC4FD7EEF9720E /* Pods-DESIGNPATTERN.debug.xcconfig */,
				8766C153C73BD7415DE07C9B /* Pods-DESIGNPATTERN.release.xcconfig */,
				6A63326A66F44E9D2036AF34 /* Pods-DESIGNPATTERN-DESIGNPATTERNUITests.debug.xcconfig */,
				88AC56CC75DC0C8B72718DE8 /* Pods-DESIGNPATTERN-DESIGNPATTERNUITests.release.xcconfig */,
				CB7BD7F3D9B8310369F8B8E5 /* Pods-DESIGNPATTERNTests.debug.xcconfig */,
				046B44D02515847D040DEC62 /* Pods-DESIGNPATTERNTests.release.xcconfig */,
			);
			path = Pods;
			sourceTree = "<group>";
		};
/* End PBXGroup section */

/* Begin PBXNativeTarget section */
		4EC5C1DC28C33756008E2AEC /* DESIGNPATTERN */ = {
			isa = PBXNativeTarget;
			buildConfigurationList = 4EC5C20728C33756008E2AEC /* Build configuration list for PBXNativeTarget "DESIGNPATTERN" */;
			buildPhases = (
				136535679BE16AE02C9210AF /* [CP] Check Pods Manifest.lock */,
				4EC5C1D928C33756008E2AEC /* Sources */,
				4EC5C1DA28C33756008E2AEC /* Frameworks */,
				4EC5C1DB28C33756008E2AEC /* Resources */,
				DAA87780DA0DFA586C7A738A /* [CP] Embed Pods Frameworks */,
			);
			buildRules = (
			);
			dependencies = (
			);
			name = DESIGNPATTERN;
			productName = DESIGNPATTERN;
			productReference = 4EC5C1DD28C33756008E2AEC /* DESIGNPATTERN.app */;
			productType = "com.apple.product-type.application";
		};
		4EC5C1F228C33756008E2AEC /* DESIGNPATTERNTests */ = {
			isa = PBXNativeTarget;
			buildConfigurationList = 4EC5C20A28C33756008E2AEC /* Build configuration list for PBXNativeTarget "DESIGNPATTERNTests" */;
			buildPhases = (
				38CA9F37DD5C3F9C3998D281 /* [CP] Check Pods Manifest.lock */,
				4EC5C1EF28C33756008E2AEC /* Sources */,
				4EC5C1F028C33756008E2AEC /* Frameworks */,
				4EC5C1F128C33756008E2AEC /* Resources */,
			);
			buildRules = (
			);
			dependencies = (
				4EC5C1F528C33756008E2AEC /* PBXTargetDependency */,
			);
			name = DESIGNPATTERNTests;
			productName = DESIGNPATTERNTests;
			productReference = 4EC5C1F328C33756008E2AEC /* DESIGNPATTERNTests.xctest */;
			productType = "com.apple.product-type.bundle.unit-test";
		};
		4EC5C1FC28C33756008E2AEC /* DESIGNPATTERNUITests */ = {
			isa = PBXNativeTarget;
			buildConfigurationList = 4EC5C20D28C33756008E2AEC /* Build configuration list for PBXNativeTarget "DESIGNPATTERNUITests" */;
			buildPhases = (
				51D0D2D8440A258F4212FEA0 /* [CP] Check Pods Manifest.lock */,
				4EC5C1F928C33756008E2AEC /* Sources */,
				4EC5C1FA28C33756008E2AEC /* Frameworks */,
				4EC5C1FB28C33756008E2AEC /* Resources */,
				4315003A10763FDFEBBC2428 /* [CP] Embed Pods Frameworks */,
			);
			buildRules = (
			);
			dependencies = (
				4EC5C1FF28C33756008E2AEC /* PBXTargetDependency */,
			);
			name = DESIGNPATTERNUITests;
			productName = DESIGNPATTERNUITests;
			productReference = 4EC5C1FD28C33756008E2AEC /* DESIGNPATTERNUITests.xctest */;
			productType = "com.apple.product-type.bundle.ui-testing";
		};
/* End PBXNativeTarget section */

/* Begin PBXProject section */
		4EC5C1D528C33756008E2AEC /* Project object */ = {
			isa = PBXProject;
			attributes = {
				BuildIndependentTargetsInParallel = 1;
				LastSwiftUpdateCheck = 1340;
				LastUpgradeCheck = 1340;
				TargetAttributes = {
					4EC5C1DC28C33756008E2AEC = {
						CreatedOnToolsVersion = 13.4.1;
					};
					4EC5C1F228C33756008E2AEC = {
						CreatedOnToolsVersion = 13.4.1;
						TestTargetID = 4EC5C1DC28C33756008E2AEC;
					};
					4EC5C1FC28C33756008E2AEC = {
						CreatedOnToolsVersion = 13.4.1;
						TestTargetID = 4EC5C1DC28C33756008E2AEC;
					};
				};
			};
			buildConfigurationList = 4EC5C1D828C33756008E2AEC /* Build configuration list for PBXProject "DESIGNPATTERN" */;
			compatibilityVersion = "Xcode 13.0";
			developmentRegion = en;
			hasScannedForEncodings = 0;
			knownRegions = (
				en,
				Base,
			);
			mainGroup = 4EC5C1D428C33756008E2AEC;
			productRefGroup = 4EC5C1DE28C33756008E2AEC /* Products */;
			projectDirPath = "";
			projectRoot = "";
			targets = (
				4EC5C1DC28C33756008E2AEC /* DESIGNPATTERN */,
				4EC5C1F228C33756008E2AEC /* DESIGNPATTERNTests */,
				4EC5C1FC28C33756008E2AEC /* DESIGNPATTERNUITests */,
			);
		};
/* End PBXProject section */

/* Begin PBXResourcesBuildPhase section */
		4EC5C1DB28C33756008E2AEC /* Resources */ = {
			isa = PBXResourcesBuildPhase;
			buildActionMask = 2147483647;
			files = (
				4E37C18828C6F5E2006E2BDC /* 10.mp4 in Resources */,
				4E37C18528C6F5E2006E2BDC /* 9.mp4 in Resources */,
				4E37C1C228C7E2B1006E2BDC /* MovieListVwVIPER.xib in Resources */,
				4E2A76B928C65A97006E98B3 /* 1.mp4 in Resources */,
				4EC5C1ED28C33756008E2AEC /* LaunchScreen.storyboard in Resources */,
				4E37C19C28C70144006E2BDC /* MovieListVcMVVM.xib in Resources */,
				4E37C18628C6F5E2006E2BDC /* 3.mp4 in Resources */,
				4E37C19828C6FDD2006E2BDC /* MoviewListCellMVVM.xib in Resources */,
				4E37C18228C6F5E2006E2BDC /* 6.mp4 in Resources */,
				4E37C1A728C7BA35006E2BDC /* MovieDetailsVcMVVM.xib in Resources */,
				4E37C18928C6F5E2006E2BDC /* 4.mp4 in Resources */,
				4E37C18328C6F5E2006E2BDC /* 2.mp4 in Resources */,
				4E37C18728C6F5E2006E2BDC /* 8.mp4 in Resources */,
				4E37C19428C6FCA5006E2BDC /* MoviewListViewMVVM.xib in Resources */,
				4E37C1AB28C7BABF006E2BDC /* MovieDetailsVw.xib in Resources */,
				4E37C18A28C6F5E2006E2BDC /* 5.mp4 in Resources */,
				4EC5C1EA28C33756008E2AEC /* Assets.xcassets in Resources */,
				4E37C18428C6F5E2006E2BDC /* 7.mp4 in Resources */,
				4E2A76B628C658F4006E98B3 /* MoviewDetailsVC.xib in Resources */,
				4EC5C24628C4EF18008E2AEC /* MoviewListVc_MVC.xib in Resources */,
				4EC5C1E828C33756008E2AEC /* Main.storyboard in Resources */,
				4EADFDE628E2034000470643 /* LoginViewController.storyboard in Resources */,
				4E37C1BA28C7E05E006E2BDC /* MoviewListVcVIPER.xib in Resources */,
				4EC5C24A28C4F047008E2AEC /* MoviewListCell.xib in Resources */,
			);
			runOnlyForDeploymentPostprocessing = 0;
		};
		4EC5C1F128C33756008E2AEC /* Resources */ = {
			isa = PBXResourcesBuildPhase;
			buildActionMask = 2147483647;
			files = (
			);
			runOnlyForDeploymentPostprocessing = 0;
		};
		4EC5C1FB28C33756008E2AEC /* Resources */ = {
			isa = PBXResourcesBuildPhase;
			buildActionMask = 2147483647;
			files = (
			);
			runOnlyForDeploymentPostprocessing = 0;
		};
/* End PBXResourcesBuildPhase section */

/* Begin PBXShellScriptBuildPhase section */
		136535679BE16AE02C9210AF /* [CP] Check Pods Manifest.lock */ = {
			isa = PBXShellScriptBuildPhase;
			buildActionMask = 2147483647;
			files = (
			);
			inputFileListPaths = (
			);
			inputPaths = (
				"${PODS_PODFILE_DIR_PATH}/Podfile.lock",
				"${PODS_ROOT}/Manifest.lock",
			);
			name = "[CP] Check Pods Manifest.lock";
			outputFileListPaths = (
			);
			outputPaths = (
				"$(DERIVED_FILE_DIR)/Pods-DESIGNPATTERN-checkManifestLockResult.txt",
			);
			runOnlyForDeploymentPostprocessing = 0;
			shellPath = /bin/sh;
			shellScript = "diff \"${PODS_PODFILE_DIR_PATH}/Podfile.lock\" \"${PODS_ROOT}/Manifest.lock\" > /dev/null\nif [ $? != 0 ] ; then\n    # print error to STDERR\n    echo \"error: The sandbox is not in sync with the Podfile.lock. Run 'pod install' or update your CocoaPods installation.\" >&2\n    exit 1\nfi\n# This output is used by Xcode 'outputs' to avoid re-running this script phase.\necho \"SUCCESS\" > \"${SCRIPT_OUTPUT_FILE_0}\"\n";
			showEnvVarsInLog = 0;
		};
		38CA9F37DD5C3F9C3998D281 /* [CP] Check Pods Manifest.lock */ = {
			isa = PBXShellScriptBuildPhase;
			buildActionMask = 2147483647;
			files = (
			);
			inputFileListPaths = (
			);
			inputPaths = (
				"${PODS_PODFILE_DIR_PATH}/Podfile.lock",
				"${PODS_ROOT}/Manifest.lock",
			);
			name = "[CP] Check Pods Manifest.lock";
			outputFileListPaths = (
			);
			outputPaths = (
				"$(DERIVED_FILE_DIR)/Pods-DESIGNPATTERNTests-checkManifestLockResult.txt",
			);
			runOnlyForDeploymentPostprocessing = 0;
			shellPath = /bin/sh;
			shellScript = "diff \"${PODS_PODFILE_DIR_PATH}/Podfile.lock\" \"${PODS_ROOT}/Manifest.lock\" > /dev/null\nif [ $? != 0 ] ; then\n    # print error to STDERR\n    echo \"error: The sandbox is not in sync with the Podfile.lock. Run 'pod install' or update your CocoaPods installation.\" >&2\n    exit 1\nfi\n# This output is used by Xcode 'outputs' to avoid re-running this script phase.\necho \"SUCCESS\" > \"${SCRIPT_OUTPUT_FILE_0}\"\n";
			showEnvVarsInLog = 0;
		};
		4315003A10763FDFEBBC2428 /* [CP] Embed Pods Frameworks */ = {
			isa = PBXShellScriptBuildPhase;
			buildActionMask = 2147483647;
			files = (
			);
			inputFileListPaths = (
				"${PODS_ROOT}/Target Support Files/Pods-DESIGNPATTERN-DESIGNPATTERNUITests/Pods-DESIGNPATTERN-DESIGNPATTERNUITests-frameworks-${CONFIGURATION}-input-files.xcfilelist",
			);
			name = "[CP] Embed Pods Frameworks";
			outputFileListPaths = (
				"${PODS_ROOT}/Target Support Files/Pods-DESIGNPATTERN-DESIGNPATTERNUITests/Pods-DESIGNPATTERN-DESIGNPATTERNUITests-frameworks-${CONFIGURATION}-output-files.xcfilelist",
			);
			runOnlyForDeploymentPostprocessing = 0;
			shellPath = /bin/sh;
			shellScript = "\"${PODS_ROOT}/Target Support Files/Pods-DESIGNPATTERN-DESIGNPATTERNUITests/Pods-DESIGNPATTERN-DESIGNPATTERNUITests-frameworks.sh\"\n";
			showEnvVarsInLog = 0;
		};
		51D0D2D8440A258F4212FEA0 /* [CP] Check Pods Manifest.lock */ = {
			isa = PBXShellScriptBuildPhase;
			buildActionMask = 2147483647;
			files = (
			);
			inputFileListPaths = (
			);
			inputPaths = (
				"${PODS_PODFILE_DIR_PATH}/Podfile.lock",
				"${PODS_ROOT}/Manifest.lock",
			);
			name = "[CP] Check Pods Manifest.lock";
			outputFileListPaths = (
			);
			outputPaths = (
				"$(DERIVED_FILE_DIR)/Pods-DESIGNPATTERN-DESIGNPATTERNUITests-checkManifestLockResult.txt",
			);
			runOnlyForDeploymentPostprocessing = 0;
			shellPath = /bin/sh;
			shellScript = "diff \"${PODS_PODFILE_DIR_PATH}/Podfile.lock\" \"${PODS_ROOT}/Manifest.lock\" > /dev/null\nif [ $? != 0 ] ; then\n    # print error to STDERR\n    echo \"error: The sandbox is not in sync with the Podfile.lock. Run 'pod install' or update your CocoaPods installation.\" >&2\n    exit 1\nfi\n# This output is used by Xcode 'outputs' to avoid re-running this script phase.\necho \"SUCCESS\" > \"${SCRIPT_OUTPUT_FILE_0}\"\n";
			showEnvVarsInLog = 0;
		};
		DAA87780DA0DFA586C7A738A /* [CP] Embed Pods Frameworks */ = {
			isa = PBXShellScriptBuildPhase;
			buildActionMask = 2147483647;
			files = (
			);
			inputFileListPaths = (
				"${PODS_ROOT}/Target Support Files/Pods-DESIGNPATTERN/Pods-DESIGNPATTERN-frameworks-${CONFIGURATION}-input-files.xcfilelist",
			);
			name = "[CP] Embed Pods Frameworks";
			outputFileListPaths = (
				"${PODS_ROOT}/Target Support Files/Pods-DESIGNPATTERN/Pods-DESIGNPATTERN-frameworks-${CONFIGURATION}-output-files.xcfilelist",
			);
			runOnlyForDeploymentPostprocessing = 0;
			shellPath = /bin/sh;
			shellScript = "\"${PODS_ROOT}/Target Support Files/Pods-DESIGNPATTERN/Pods-DESIGNPATTERN-frameworks.sh\"\n";
			showEnvVarsInLog = 0;
		};
/* End PBXShellScriptBuildPhase section */

/* Begin PBXSourcesBuildPhase section */
		4EC5C1D928C33756008E2AEC /* Sources */ = {
			isa = PBXSourcesBuildPhase;
			buildActionMask = 2147483647;
			files = (
				4EADFDE128E2034000470643 /* LoginInteractor.swift in Sources */,
				4EADFDD128E08C9400470643 /* Problem 14.swift in Sources */,
				4E37C1B928C7E05E006E2BDC /* MoviewListVcVIPER.swift in Sources */,
				4EF485DF28CC9EA70048660B /* Factory Method - Solution.swift in Sources */,
				4E84F99B28DF2E2E00D2BBBF /* Problem 11.swift in Sources */,
				4E37C1AF28C7C8CB006E2BDC /* MovieDetailsViewModel.swift in Sources */,
				4EC5C24928C4F047008E2AEC /* MoviewListCell.swift in Sources */,
				4EF485EB28CF65AC0048660B /* Builder Patterns Use1.swift in Sources */,
				4E37C1AD28C7C836006E2BDC /* ModelProtocols.swift in Sources */,
				4E37C1C028C7E29C006E2BDC /* MovieListVwVIPER.swift in Sources */,
				4EADFDEA28E2038800470643 /* Result.swift in Sources */,
				4EADFDCC28E0194800470643 /* Problem 13.swift in Sources */,
				4EC5C23C28C34FAD008E2AEC /* NetworkManager.swift in Sources */,
				4EADFDD628E0B3AC00470643 /* Problem 15.swift in Sources */,
				4EF485E428CE0FFC0048660B /* Abstract Factory Pattern.swift in Sources */,
				4EADFDE528E2034000470643 /* LoginRouter.swift in Sources */,
				4E84F99328DB3BC600D2BBBF /* Iterator Pattern.swift in Sources */,
				4EF4860F28D4050E0048660B /* Problem 6.swift in Sources */,
				4EF485F128CF8FFC0048660B /* Singleton - Pattern.swift in Sources */,
				4EC5C1E528C33756008E2AEC /* ViewController.swift in Sources */,
				4EADFDE428E2034000470643 /* LoginPresenter.swift in Sources */,
				4EADFDCE28E05F0B00470643 /* Strategy .swift in Sources */,
				4EF485F828CFCD5C0048660B /* Adapter-Ex2.swift in Sources */,
				4EF4861128D418A70048660B /* Flyweight.swift in Sources */,
				4EF4860928D0A8A60048660B /* Decorator - Pattern.swift in Sources */,
				4EF4860428D08F150048660B /* Composite - Pattern.swift in Sources */,
				4E37C1A328C753C6006E2BDC /* MoviewListViewModel.swift in Sources */,
				4EF4861428D43CE50048660B /* Problem 7.swift in Sources */,
				4E84F9A228DF745C00D2BBBF /* State Pattern - Case 1.swift in Sources */,
				4E42435328C7EF6B005A8ACF /* MovieListRouter.swift in Sources */,
				4E84F99D28DF388D00D2BBBF /* Memento Pattern.swift in Sources */,
				4EADFDE328E2034000470643 /* LoginViewController.swift in Sources */,
				4E84F99828DE44FE00D2BBBF /* Mediator Pattern.swift in Sources */,
				4EF485E628CF17170048660B /* Abstract Factory- Ex 2.swift in Sources */,
				4EF485DD28CC9A970048660B /* Problem1.swift in Sources */,
				4E37C1A928C7BAA6006E2BDC /* MovieDetailsVw.swift in Sources */,
				4E37C19228C6FC7F006E2BDC /* MoviewListViewMVVM.swift in Sources */,
				4EADFDE228E2034000470643 /* LoginModels.swift in Sources */,
				4E37C19728C6FDD2006E2BDC /* MoviewListCellMVVM.swift in Sources */,
				4E84F9A428DF747C00D2BBBF /* State Pattern Case 2.swift in Sources */,
				4E2A76B528C658F4006E98B3 /* MoviewDetailsVC.swift in Sources */,
				4EF4861628D4E8170048660B /* Proxy pattern .swift in Sources */,
				4EADFDD328E08FE900470643 /* Template Pattern.swift in Sources */,
				4EADFDD828E0C65600470643 /* Visitor Pattern.swift in Sources */,
				4EF485E228CE0BCC0048660B /* Abstract Factory Uses.swift in Sources */,
				4EF485F628CFCAF40048660B /* Adapter - Ex1.swift in Sources */,
				4EC5C24528C4EF18008E2AEC /* MoviewListVc_MVC.swift in Sources */,
				4E37C19B28C70144006E2BDC /* MovieListVcMVVM.swift in Sources */,
				4EF485F428CFC70D0048660B /* Problem 3.swift in Sources */,
				4E2A76BB28C66772006E98B3 /* LayoutManager.swift in Sources */,
				4E84F98C28D9E1CE00D2BBBF /* ChainOfRequest.swift in Sources */,
				4E37C1A128C750B1006E2BDC /* Models.swift in Sources */,
				4E84F9A028DF70D000D2BBBF /* Problem 12.swift in Sources */,
				4E84F99628DE431600D2BBBF /* Problem 10.swift in Sources */,
				4EF4860628D095140048660B /* Composite - Pattern Ex1.swift in Sources */,
				4EF485FB28D060920048660B /* Problem - 4.swift in Sources */,
				4EC5C1E128C33756008E2AEC /* AppDelegate.swift in Sources */,
				4E37C1B128C7CA47006E2BDC /* UIView+Extension.swift in Sources */,
				4EF485FD28D066410048660B /* Bridge - Ex1 .swift in Sources */,
				4E42435928C7F10D005A8ACF /* MoviewListPresenter.swift in Sources */,
				4EADFDEB28E2038800470643 /* User.swift in Sources */,
				4E37C18C28C6F9AE006E2BDC /* Dynamic.swift in Sources */,
				4EF485E928CF5CFB0048660B /* Problem-2.swift in Sources */,
				4E84F98F28DAFAA200D2BBBF /* Command Pattern.swift in Sources */,
				4EF4860C28D0C45E0048660B /* Facade.swift in Sources */,
				4E42435128C7EE79005A8ACF /* MoviewListInteractor.swift in Sources */,
				4EF485EE28CF8AFD0048660B /* Prototype-Pattern.swift in Sources */,
				4EF4860228D088ED0048660B /* Problem 5.swift in Sources */,
				4EC5C1E328C33756008E2AEC /* SceneDelegate.swift in Sources */,
				4EF485FF28D06DD60048660B /* Bridge-Ex2.swift in Sources */,
				4EC5C23F28C4A540008E2AEC /* Movie.swift in Sources */,
				4EC5C24C28C4F089008E2AEC /* Constants.swift in Sources */,
				4E84F98A28D9CFA200D2BBBF /* Problem 9.swift in Sources */,
				4E37C1A628C7BA35006E2BDC /* MovieDetailsVcMVVM.swift in Sources */,
			);
			runOnlyForDeploymentPostprocessing = 0;
		};
		4EC5C1EF28C33756008E2AEC /* Sources */ = {
			isa = PBXSourcesBuildPhase;
			buildActionMask = 2147483647;
			files = (
				4EC5C1F828C33756008E2AEC /* DESIGNPATTERNTests.swift in Sources */,
			);
			runOnlyForDeploymentPostprocessing = 0;
		};
		4EC5C1F928C33756008E2AEC /* Sources */ = {
			isa = PBXSourcesBuildPhase;
			buildActionMask = 2147483647;
			files = (
				4EC5C20228C33756008E2AEC /* DESIGNPATTERNUITests.swift in Sources */,
				4EC5C20428C33756008E2AEC /* DESIGNPATTERNUITestsLaunchTests.swift in Sources */,
			);
			runOnlyForDeploymentPostprocessing = 0;
		};
/* End PBXSourcesBuildPhase section */

/* Begin PBXTargetDependency section */
		4EC5C1F528C33756008E2AEC /* PBXTargetDependency */ = {
			isa = PBXTargetDependency;
			target = 4EC5C1DC28C33756008E2AEC /* DESIGNPATTERN */;
			targetProxy = 4EC5C1F428C33756008E2AEC /* PBXContainerItemProxy */;
		};
		4EC5C1FF28C33756008E2AEC /* PBXTargetDependency */ = {
			isa = PBXTargetDependency;
			target = 4EC5C1DC28C33756008E2AEC /* DESIGNPATTERN */;
			targetProxy = 4EC5C1FE28C33756008E2AEC /* PBXContainerItemProxy */;
		};
/* End PBXTargetDependency section */

/* Begin PBXVariantGroup section */
		4EC5C1E628C33756008E2AEC /* Main.storyboard */ = {
			isa = PBXVariantGroup;
			children = (
				4EC5C1E728C33756008E2AEC /* Base */,
			);
			name = Main.storyboard;
			sourceTree = "<group>";
		};
		4EC5C1EB28C33756008E2AEC /* LaunchScreen.storyboard */ = {
			isa = PBXVariantGroup;
			children = (
				4EC5C1EC28C33756008E2AEC /* Base */,
			);
			name = LaunchScreen.storyboard;
			sourceTree = "<group>";
		};
/* End PBXVariantGroup section */

/* Begin XCBuildConfiguration section */
		4EC5C20528C33756008E2AEC /* Debug */ = {
			isa = XCBuildConfiguration;
			buildSettings = {
				ALWAYS_SEARCH_USER_PATHS = NO;
				CLANG_ANALYZER_NONNULL = YES;
				CLANG_ANALYZER_NUMBER_OBJECT_CONVERSION = YES_AGGRESSIVE;
				CLANG_CXX_LANGUAGE_STANDARD = "gnu++17";
				CLANG_ENABLE_MODULES = YES;
				CLANG_ENABLE_OBJC_ARC = YES;
				CLANG_ENABLE_OBJC_WEAK = YES;
				CLANG_WARN_BLOCK_CAPTURE_AUTORELEASING = YES;
				CLANG_WARN_BOOL_CONVERSION = YES;
				CLANG_WARN_COMMA = YES;
				CLANG_WARN_CONSTANT_CONVERSION = YES;
				CLANG_WARN_DEPRECATED_OBJC_IMPLEMENTATIONS = YES;
				CLANG_WARN_DIRECT_OBJC_ISA_USAGE = YES_ERROR;
				CLANG_WARN_DOCUMENTATION_COMMENTS = YES;
				CLANG_WARN_EMPTY_BODY = YES;
				CLANG_WARN_ENUM_CONVERSION = YES;
				CLANG_WARN_INFINITE_RECURSION = YES;
				CLANG_WARN_INT_CONVERSION = YES;
				CLANG_WARN_NON_LITERAL_NULL_CONVERSION = YES;
				CLANG_WARN_OBJC_IMPLICIT_RETAIN_SELF = YES;
				CLANG_WARN_OBJC_LITERAL_CONVERSION = YES;
				CLANG_WARN_OBJC_ROOT_CLASS = YES_ERROR;
				CLANG_WARN_QUOTED_INCLUDE_IN_FRAMEWORK_HEADER = YES;
				CLANG_WARN_RANGE_LOOP_ANALYSIS = YES;
				CLANG_WARN_STRICT_PROTOTYPES = YES;
				CLANG_WARN_SUSPICIOUS_MOVE = YES;
				CLANG_WARN_UNGUARDED_AVAILABILITY = YES_AGGRESSIVE;
				CLANG_WARN_UNREACHABLE_CODE = YES;
				CLANG_WARN__DUPLICATE_METHOD_MATCH = YES;
				COPY_PHASE_STRIP = NO;
				DEBUG_INFORMATION_FORMAT = dwarf;
				ENABLE_STRICT_OBJC_MSGSEND = YES;
				ENABLE_TESTABILITY = YES;
				GCC_C_LANGUAGE_STANDARD = gnu11;
				GCC_DYNAMIC_NO_PIC = NO;
				GCC_NO_COMMON_BLOCKS = YES;
				GCC_OPTIMIZATION_LEVEL = 0;
				GCC_PREPROCESSOR_DEFINITIONS = (
					"DEBUG=1",
					"$(inherited)",
				);
				GCC_WARN_64_TO_32_BIT_CONVERSION = YES;
				GCC_WARN_ABOUT_RETURN_TYPE = YES_ERROR;
				GCC_WARN_UNDECLARED_SELECTOR = YES;
				GCC_WARN_UNINITIALIZED_AUTOS = YES_AGGRESSIVE;
				GCC_WARN_UNUSED_FUNCTION = YES;
				GCC_WARN_UNUSED_VARIABLE = YES;
				IPHONEOS_DEPLOYMENT_TARGET = 15.5;
				MTL_ENABLE_DEBUG_INFO = INCLUDE_SOURCE;
				MTL_FAST_MATH = YES;
				ONLY_ACTIVE_ARCH = YES;
				SDKROOT = iphoneos;
				SWIFT_ACTIVE_COMPILATION_CONDITIONS = DEBUG;
				SWIFT_OPTIMIZATION_LEVEL = "-Onone";
			};
			name = Debug;
		};
		4EC5C20628C33756008E2AEC /* Release */ = {
			isa = XCBuildConfiguration;
			buildSettings = {
				ALWAYS_SEARCH_USER_PATHS = NO;
				CLANG_ANALYZER_NONNULL = YES;
				CLANG_ANALYZER_NUMBER_OBJECT_CONVERSION = YES_AGGRESSIVE;
				CLANG_CXX_LANGUAGE_STANDARD = "gnu++17";
				CLANG_ENABLE_MODULES = YES;
				CLANG_ENABLE_OBJC_ARC = YES;
				CLANG_ENABLE_OBJC_WEAK = YES;
				CLANG_WARN_BLOCK_CAPTURE_AUTORELEASING = YES;
				CLANG_WARN_BOOL_CONVERSION = YES;
				CLANG_WARN_COMMA = YES;
				CLANG_WARN_CONSTANT_CONVERSION = YES;
				CLANG_WARN_DEPRECATED_OBJC_IMPLEMENTATIONS = YES;
				CLANG_WARN_DIRECT_OBJC_ISA_USAGE = YES_ERROR;
				CLANG_WARN_DOCUMENTATION_COMMENTS = YES;
				CLANG_WARN_EMPTY_BODY = YES;
				CLANG_WARN_ENUM_CONVERSION = YES;
				CLANG_WARN_INFINITE_RECURSION = YES;
				CLANG_WARN_INT_CONVERSION = YES;
				CLANG_WARN_NON_LITERAL_NULL_CONVERSION = YES;
				CLANG_WARN_OBJC_IMPLICIT_RETAIN_SELF = YES;
				CLANG_WARN_OBJC_LITERAL_CONVERSION = YES;
				CLANG_WARN_OBJC_ROOT_CLASS = YES_ERROR;
				CLANG_WARN_QUOTED_INCLUDE_IN_FRAMEWORK_HEADER = YES;
				CLANG_WARN_RANGE_LOOP_ANALYSIS = YES;
				CLANG_WARN_STRICT_PROTOTYPES = YES;
				CLANG_WARN_SUSPICIOUS_MOVE = YES;
				CLANG_WARN_UNGUARDED_AVAILABILITY = YES_AGGRESSIVE;
				CLANG_WARN_UNREACHABLE_CODE = YES;
				CLANG_WARN__DUPLICATE_METHOD_MATCH = YES;
				COPY_PHASE_STRIP = NO;
				DEBUG_INFORMATION_FORMAT = "dwarf-with-dsym";
				ENABLE_NS_ASSERTIONS = NO;
				ENABLE_STRICT_OBJC_MSGSEND = YES;
				GCC_C_LANGUAGE_STANDARD = gnu11;
				GCC_NO_COMMON_BLOCKS = YES;
				GCC_WARN_64_TO_32_BIT_CONVERSION = YES;
				GCC_WARN_ABOUT_RETURN_TYPE = YES_ERROR;
				GCC_WARN_UNDECLARED_SELECTOR = YES;
				GCC_WARN_UNINITIALIZED_AUTOS = YES_AGGRESSIVE;
				GCC_WARN_UNUSED_FUNCTION = YES;
				GCC_WARN_UNUSED_VARIABLE = YES;
				IPHONEOS_DEPLOYMENT_TARGET = 15.5;
				MTL_ENABLE_DEBUG_INFO = NO;
				MTL_FAST_MATH = YES;
				SDKROOT = iphoneos;
				SWIFT_COMPILATION_MODE = wholemodule;
				SWIFT_OPTIMIZATION_LEVEL = "-O";
				VALIDATE_PRODUCT = YES;
			};
			name = Release;
		};
		4EC5C20828C33756008E2AEC /* Debug */ = {
			isa = XCBuildConfiguration;
			baseConfigurationReference = FB175CB581BC4FD7EEF9720E /* Pods-DESIGNPATTERN.debug.xcconfig */;
			buildSettings = {
				ASSETCATALOG_COMPILER_APPICON_NAME = AppIcon;
				ASSETCATALOG_COMPILER_GLOBAL_ACCENT_COLOR_NAME = AccentColor;
				CODE_SIGN_STYLE = Automatic;
				CURRENT_PROJECT_VERSION = 1;
				GENERATE_INFOPLIST_FILE = YES;
				INFOPLIST_FILE = DESIGNPATTERN/Info.plist;
				INFOPLIST_KEY_UIApplicationSupportsIndirectInputEvents = YES;
				INFOPLIST_KEY_UILaunchStoryboardName = LaunchScreen;
				INFOPLIST_KEY_UIMainStoryboardFile = Main;
				INFOPLIST_KEY_UISupportedInterfaceOrientations_iPad = "UIInterfaceOrientationPortrait UIInterfaceOrientationPortraitUpsideDown UIInterfaceOrientationLandscapeLeft UIInterfaceOrientationLandscapeRight";
				INFOPLIST_KEY_UISupportedInterfaceOrientations_iPhone = "UIInterfaceOrientationPortrait UIInterfaceOrientationLandscapeLeft UIInterfaceOrientationLandscapeRight";
				LD_RUNPATH_SEARCH_PATHS = (
					"$(inherited)",
					"@executable_path/Frameworks",
				);
				MARKETING_VERSION = 1.0;
				PRODUCT_BUNDLE_IDENTIFIER = com.local.DESIGNPATTERN;
				PRODUCT_NAME = "$(TARGET_NAME)";
				SWIFT_EMIT_LOC_STRINGS = YES;
				SWIFT_VERSION = 5.0;
				TARGETED_DEVICE_FAMILY = "1,2";
			};
			name = Debug;
		};
		4EC5C20928C33756008E2AEC /* Release */ = {
			isa = XCBuildConfiguration;
			baseConfigurationReference = 8766C153C73BD7415DE07C9B /* Pods-DESIGNPATTERN.release.xcconfig */;
			buildSettings = {
				ASSETCATALOG_COMPILER_APPICON_NAME = AppIcon;
				ASSETCATALOG_COMPILER_GLOBAL_ACCENT_COLOR_NAME = AccentColor;
				CODE_SIGN_STYLE = Automatic;
				CURRENT_PROJECT_VERSION = 1;
				GENERATE_INFOPLIST_FILE = YES;
				INFOPLIST_FILE = DESIGNPATTERN/Info.plist;
				INFOPLIST_KEY_UIApplicationSupportsIndirectInputEvents = YES;
				INFOPLIST_KEY_UILaunchStoryboardName = LaunchScreen;
				INFOPLIST_KEY_UIMainStoryboardFile = Main;
				INFOPLIST_KEY_UISupportedInterfaceOrientations_iPad = "UIInterfaceOrientationPortrait UIInterfaceOrientationPortraitUpsideDown UIInterfaceOrientationLandscapeLeft UIInterfaceOrientationLandscapeRight";
				INFOPLIST_KEY_UISupportedInterfaceOrientations_iPhone = "UIInterfaceOrientationPortrait UIInterfaceOrientationLandscapeLeft UIInterfaceOrientationLandscapeRight";
				LD_RUNPATH_SEARCH_PATHS = (
					"$(inherited)",
					"@executable_path/Frameworks",
				);
				MARKETING_VERSION = 1.0;
				PRODUCT_BUNDLE_IDENTIFIER = com.local.DESIGNPATTERN;
				PRODUCT_NAME = "$(TARGET_NAME)";
				SWIFT_EMIT_LOC_STRINGS = YES;
				SWIFT_VERSION = 5.0;
				TARGETED_DEVICE_FAMILY = "1,2";
			};
			name = Release;
		};
		4EC5C20B28C33756008E2AEC /* Debug */ = {
			isa = XCBuildConfiguration;
			baseConfigurationReference = CB7BD7F3D9B8310369F8B8E5 /* Pods-DESIGNPATTERNTests.debug.xcconfig */;
			buildSettings = {
				ALWAYS_EMBED_SWIFT_STANDARD_LIBRARIES = YES;
				BUNDLE_LOADER = "$(TEST_HOST)";
				CODE_SIGN_STYLE = Automatic;
				CURRENT_PROJECT_VERSION = 1;
				GENERATE_INFOPLIST_FILE = YES;
				IPHONEOS_DEPLOYMENT_TARGET = 15.5;
				MARKETING_VERSION = 1.0;
				PRODUCT_BUNDLE_IDENTIFIER = com.local.DESIGNPATTERNTests;
				PRODUCT_NAME = "$(TARGET_NAME)";
				SWIFT_EMIT_LOC_STRINGS = NO;
				SWIFT_VERSION = 5.0;
				TARGETED_DEVICE_FAMILY = "1,2";
				TEST_HOST = "$(BUILT_PRODUCTS_DIR)/DESIGNPATTERN.app/DESIGNPATTERN";
			};
			name = Debug;
		};
		4EC5C20C28C33756008E2AEC /* Release */ = {
			isa = XCBuildConfiguration;
			baseConfigurationReference = 046B44D02515847D040DEC62 /* Pods-DESIGNPATTERNTests.release.xcconfig */;
			buildSettings = {
				ALWAYS_EMBED_SWIFT_STANDARD_LIBRARIES = YES;
				BUNDLE_LOADER = "$(TEST_HOST)";
				CODE_SIGN_STYLE = Automatic;
				CURRENT_PROJECT_VERSION = 1;
				GENERATE_INFOPLIST_FILE = YES;
				IPHONEOS_DEPLOYMENT_TARGET = 15.5;
				MARKETING_VERSION = 1.0;
				PRODUCT_BUNDLE_IDENTIFIER = com.local.DESIGNPATTERNTests;
				PRODUCT_NAME = "$(TARGET_NAME)";
				SWIFT_EMIT_LOC_STRINGS = NO;
				SWIFT_VERSION = 5.0;
				TARGETED_DEVICE_FAMILY = "1,2";
				TEST_HOST = "$(BUILT_PRODUCTS_DIR)/DESIGNPATTERN.app/DESIGNPATTERN";
			};
			name = Release;
		};
		4EC5C20E28C33756008E2AEC /* Debug */ = {
			isa = XCBuildConfiguration;
			baseConfigurationReference = 6A63326A66F44E9D2036AF34 /* Pods-DESIGNPATTERN-DESIGNPATTERNUITests.debug.xcconfig */;
			buildSettings = {
				ALWAYS_EMBED_SWIFT_STANDARD_LIBRARIES = YES;
				CODE_SIGN_STYLE = Automatic;
				CURRENT_PROJECT_VERSION = 1;
				GENERATE_INFOPLIST_FILE = YES;
				MARKETING_VERSION = 1.0;
				PRODUCT_BUNDLE_IDENTIFIER = com.local.DESIGNPATTERNUITests;
				PRODUCT_NAME = "$(TARGET_NAME)";
				SWIFT_EMIT_LOC_STRINGS = NO;
				SWIFT_VERSION = 5.0;
				TARGETED_DEVICE_FAMILY = "1,2";
				TEST_TARGET_NAME = DESIGNPATTERN;
			};
			name = Debug;
		};
		4EC5C20F28C33756008E2AEC /* Release */ = {
			isa = XCBuildConfiguration;
			baseConfigurationReference = 88AC56CC75DC0C8B72718DE8 /* Pods-DESIGNPATTERN-DESIGNPATTERNUITests.release.xcconfig */;
			buildSettings = {
				ALWAYS_EMBED_SWIFT_STANDARD_LIBRARIES = YES;
				CODE_SIGN_STYLE = Automatic;
				CURRENT_PROJECT_VERSION = 1;
				GENERATE_INFOPLIST_FILE = YES;
				MARKETING_VERSION = 1.0;
				PRODUCT_BUNDLE_IDENTIFIER = com.local.DESIGNPATTERNUITests;
				PRODUCT_NAME = "$(TARGET_NAME)";
				SWIFT_EMIT_LOC_STRINGS = NO;
				SWIFT_VERSION = 5.0;
				TARGETED_DEVICE_FAMILY = "1,2";
				TEST_TARGET_NAME = DESIGNPATTERN;
			};
			name = Release;
		};
/* End XCBuildConfiguration section */

/* Begin XCConfigurationList section */
		4EC5C1D828C33756008E2AEC /* Build configuration list for PBXProject "DESIGNPATTERN" */ = {
			isa = XCConfigurationList;
			buildConfigurations = (
				4EC5C20528C33756008E2AEC /* Debug */,
				4EC5C20628C33756008E2AEC /* Release */,
			);
			defaultConfigurationIsVisible = 0;
			defaultConfigurationName = Release;
		};
		4EC5C20728C33756008E2AEC /* Build configuration list for PBXNativeTarget "DESIGNPATTERN" */ = {
			isa = XCConfigurationList;
			buildConfigurations = (
				4EC5C20828C33756008E2AEC /* Debug */,
				4EC5C20928C33756008E2AEC /* Release */,
			);
			defaultConfigurationIsVisible = 0;
			defaultConfigurationName = Release;
		};
		4EC5C20A28C33756008E2AEC /* Build configuration list for PBXNativeTarget "DESIGNPATTERNTests" */ = {
			isa = XCConfigurationList;
			buildConfigurations = (
				4EC5C20B28C33756008E2AEC /* Debug */,
				4EC5C20C28C33756008E2AEC /* Release */,
			);
			defaultConfigurationIsVisible = 0;
			defaultConfigurationName = Release;
		};
		4EC5C20D28C33756008E2AEC /* Build configuration list for PBXNativeTarget "DESIGNPATTERNUITests" */ = {
			isa = XCConfigurationList;
			buildConfigurations = (
				4EC5C20E28C33756008E2AEC /* Debug */,
				4EC5C20F28C33756008E2AEC /* Release */,
			);
			defaultConfigurationIsVisible = 0;
			defaultConfigurationName = Release;
		};
/* End XCConfigurationList section */
	};
	rootObject = 4EC5C1D528C33756008E2AEC /* Project object */;
}
