// !$*UTF8*$!
{
	archiveVersion = 1;
	classes = {
	};
	objectVersion = 56;
	objects = {

/* Begin PBXBuildFile section */
		4EEB21A1294DDE4700F35FC5 /* AppDelegate.swift in Sources */ = {isa = PBXBuildFile; fileRef = 4EEB21A0294DDE4700F35FC5 /* AppDelegate.swift */; };
		4EEB21A3294DDE4700F35FC5 /* SceneDelegate.swift in Sources */ = {isa = PBXBuildFile; fileRef = 4EEB21A2294DDE4700F35FC5 /* SceneDelegate.swift */; };
		4EEB21A5294DDE4700F35FC5 /* ViewController.swift in Sources */ = {isa = PBXBuildFile; fileRef = 4EEB21A4294DDE4700F35FC5 /* ViewController.swift */; };
		4EEB21A8294DDE4700F35FC5 /* Main.storyboard in Resources */ = {isa = PBXBuildFile; fileRef = 4EEB21A6294DDE4700F35FC5 /* Main.storyboard */; };
		4EEB21AA294DDE4800F35FC5 /* Assets.xcassets in Resources */ = {isa = PBXBuildFile; fileRef = 4EEB21A9294DDE4800F35FC5 /* Assets.xcassets */; };
		4EEB21AD294DDE4800F35FC5 /* LaunchScreen.storyboard in Resources */ = {isa = PBXBuildFile; fileRef = 4EEB21AB294DDE4800F35FC5 /* LaunchScreen.storyboard */; };
		4EEB21B8294DDE4800F35FC5 /* CoordinatorPatternTests.swift in Sources */ = {isa = PBXBuildFile; fileRef = 4EEB21B7294DDE4800F35FC5 /* CoordinatorPatternTests.swift */; };
		4EEB21C2294DDE4800F35FC5 /* CoordinatorPatternUITests.swift in Sources */ = {isa = PBXBuildFile; fileRef = 4EEB21C1294DDE4800F35FC5 /* CoordinatorPatternUITests.swift */; };
		4EEB21C4294DDE4800F35FC5 /* CoordinatorPatternUITestsLaunchTests.swift in Sources */ = {isa = PBXBuildFile; fileRef = 4EEB21C3294DDE4800F35FC5 /* CoordinatorPatternUITestsLaunchTests.swift */; };
		4EEB21D2294DE62A00F35FC5 /* Coordinator.swift in Sources */ = {isa = PBXBuildFile; fileRef = 4EEB21D0294DE62A00F35FC5 /* Coordinator.swift */; };
		4EEB21D3294DE62A00F35FC5 /* Storyboarded.swift in Sources */ = {isa = PBXBuildFile; fileRef = 4EEB21D1294DE62A00F35FC5 /* Storyboarded.swift */; };
		4EEB21D5294DE72600F35FC5 /* MainCoordinator.swift in Sources */ = {isa = PBXBuildFile; fileRef = 4EEB21D4294DE72600F35FC5 /* MainCoordinator.swift */; };
		4EEB21D7294DF10C00F35FC5 /* BuyViewController.swift in Sources */ = {isa = PBXBuildFile; fileRef = 4EEB21D6294DF10C00F35FC5 /* BuyViewController.swift */; };
		4EEB21D9294DF12A00F35FC5 /* CreateAccountViewController.swift in Sources */ = {isa = PBXBuildFile; fileRef = 4EEB21D8294DF12A00F35FC5 /* CreateAccountViewController.swift */; };
		4EEB21DB294E340D00F35FC5 /* BuyCoordinator.swift in Sources */ = {isa = PBXBuildFile; fileRef = 4EEB21DA294E340D00F35FC5 /* BuyCoordinator.swift */; };
/* End PBXBuildFile section */

/* Begin PBXContainerItemProxy section */
		4EEB21B4294DDE4800F35FC5 /* PBXContainerItemProxy */ = {
			isa = PBXContainerItemProxy;
			containerPortal = 4EEB2195294DDE4700F35FC5 /* Project object */;
			proxyType = 1;
			remoteGlobalIDString = 4EEB219C294DDE4700F35FC5;
			remoteInfo = CoordinatorPattern;
		};
		4EEB21BE294DDE4800F35FC5 /* PBXContainerItemProxy */ = {
			isa = PBXContainerItemProxy;
			containerPortal = 4EEB2195294DDE4700F35FC5 /* Project object */;
			proxyType = 1;
			remoteGlobalIDString = 4EEB219C294DDE4700F35FC5;
			remoteInfo = CoordinatorPattern;
		};
/* End PBXContainerItemProxy section */

/* Begin PBXFileReference section */
		4EEB219D294DDE4700F35FC5 /* CoordinatorPattern.app */ = {isa = PBXFileReference; explicitFileType = wrapper.application; includeInIndex = 0; path = CoordinatorPattern.app; sourceTree = BUILT_PRODUCTS_DIR; };
		4EEB21A0294DDE4700F35FC5 /* AppDelegate.swift */ = {isa = PBXFileReference; lastKnownFileType = sourcecode.swift; path = AppDelegate.swift; sourceTree = "<group>"; };
		4EEB21A2294DDE4700F35FC5 /* SceneDelegate.swift */ = {isa = PBXFileReference; lastKnownFileType = sourcecode.swift; path = SceneDelegate.swift; sourceTree = "<group>"; };
		4EEB21A4294DDE4700F35FC5 /* ViewController.swift */ = {isa = PBXFileReference; lastKnownFileType = sourcecode.swift; path = ViewController.swift; sourceTree = "<group>"; };
		4EEB21A7294DDE4700F35FC5 /* Base */ = {isa = PBXFileReference; lastKnownFileType = file.storyboard; name = Base; path = Base.lproj/Main.storyboard; sourceTree = "<group>"; };
		4EEB21A9294DDE4800F35FC5 /* Assets.xcassets */ = {isa = PBXFileReference; lastKnownFileType = folder.assetcatalog; path = Assets.xcassets; sourceTree = "<group>"; };
		4EEB21AC294DDE4800F35FC5 /* Base */ = {isa = PBXFileReference; lastKnownFileType = file.storyboard; name = Base; path = Base.lproj/LaunchScreen.storyboard; sourceTree = "<group>"; };
		4EEB21AE294DDE4800F35FC5 /* Info.plist */ = {isa = PBXFileReference; lastKnownFileType = text.plist.xml; path = Info.plist; sourceTree = "<group>"; };
		4EEB21B3294DDE4800F35FC5 /* CoordinatorPatternTests.xctest */ = {isa = PBXFileReference; explicitFileType = wrapper.cfbundle; includeInIndex = 0; path = CoordinatorPatternTests.xctest; sourceTree = BUILT_PRODUCTS_DIR; };
		4EEB21B7294DDE4800F35FC5 /* CoordinatorPatternTests.swift */ = {isa = PBXFileReference; lastKnownFileType = sourcecode.swift; path = CoordinatorPatternTests.swift; sourceTree = "<group>"; };
		4EEB21BD294DDE4800F35FC5 /* CoordinatorPatternUITests.xctest */ = {isa = PBXFileReference; explicitFileType = wrapper.cfbundle; includeInIndex = 0; path = CoordinatorPatternUITests.xctest; sourceTree = BUILT_PRODUCTS_DIR; };
		4EEB21C1294DDE4800F35FC5 /* CoordinatorPatternUITests.swift */ = {isa = PBXFileReference; lastKnownFileType = sourcecode.swift; path = CoordinatorPatternUITests.swift; sourceTree = "<group>"; };
		4EEB21C3294DDE4800F35FC5 /* CoordinatorPatternUITestsLaunchTests.swift */ = {isa = PBXFileReference; lastKnownFileType = sourcecode.swift; path = CoordinatorPatternUITestsLaunchTests.swift; sourceTree = "<group>"; };
		4EEB21D0294DE62A00F35FC5 /* Coordinator.swift */ = {isa = PBXFileReference; fileEncoding = 4; lastKnownFileType = sourcecode.swift; path = Coordinator.swift; sourceTree = "<group>"; };
		4EEB21D1294DE62A00F35FC5 /* Storyboarded.swift */ = {isa = PBXFileReference; fileEncoding = 4; lastKnownFileType = sourcecode.swift; path = Storyboarded.swift; sourceTree = "<group>"; };
		4EEB21D4294DE72600F35FC5 /* MainCoordinator.swift */ = {isa = PBXFileReference; lastKnownFileType = sourcecode.swift; path = MainCoordinator.swift; sourceTree = "<group>"; };
		4EEB21D6294DF10C00F35FC5 /* BuyViewController.swift */ = {isa = PBXFileReference; lastKnownFileType = sourcecode.swift; path = BuyViewController.swift; sourceTree = "<group>"; };
		4EEB21D8294DF12A00F35FC5 /* CreateAccountViewController.swift */ = {isa = PBXFileReference; lastKnownFileType = sourcecode.swift; path = CreateAccountViewController.swift; sourceTree = "<group>"; };
		4EEB21DA294E340D00F35FC5 /* BuyCoordinator.swift */ = {isa = PBXFileReference; lastKnownFileType = sourcecode.swift; path = BuyCoordinator.swift; sourceTree = "<group>"; };
/* End PBXFileReference section */

/* Begin PBXFrameworksBuildPhase section */
		4EEB219A294DDE4700F35FC5 /* Frameworks */ = {
			isa = PBXFrameworksBuildPhase;
			buildActionMask = 2147483647;
			files = (
			);
			runOnlyForDeploymentPostprocessing = 0;
		};
		4EEB21B0294DDE4800F35FC5 /* Frameworks */ = {
			isa = PBXFrameworksBuildPhase;
			buildActionMask = 2147483647;
			files = (
			);
			runOnlyForDeploymentPostprocessing = 0;
		};
		4EEB21BA294DDE4800F35FC5 /* Frameworks */ = {
			isa = PBXFrameworksBuildPhase;
			buildActionMask = 2147483647;
			files = (
			);
			runOnlyForDeploymentPostprocessing = 0;
		};
/* End PBXFrameworksBuildPhase section */

/* Begin PBXGroup section */
		4EEB2194294DDE4700F35FC5 = {
			isa = PBXGroup;
			children = (
				4EEB219F294DDE4700F35FC5 /* CoordinatorPattern */,
				4EEB21B6294DDE4800F35FC5 /* CoordinatorPatternTests */,
				4EEB21C0294DDE4800F35FC5 /* CoordinatorPatternUITests */,
				4EEB219E294DDE4700F35FC5 /* Products */,
			);
			sourceTree = "<group>";
		};
		4EEB219E294DDE4700F35FC5 /* Products */ = {
			isa = PBXGroup;
			children = (
				4EEB219D294DDE4700F35FC5 /* CoordinatorPattern.app */,
				4EEB21B3294DDE4800F35FC5 /* CoordinatorPatternTests.xctest */,
				4EEB21BD294DDE4800F35FC5 /* CoordinatorPatternUITests.xctest */,
			);
			name = Products;
			sourceTree = "<group>";
		};
		4EEB219F294DDE4700F35FC5 /* CoordinatorPattern */ = {
			isa = PBXGroup;
			children = (
				4EEB21D0294DE62A00F35FC5 /* Coordinator.swift */,
				4EEB21D1294DE62A00F35FC5 /* Storyboarded.swift */,
				4EEB21A0294DDE4700F35FC5 /* AppDelegate.swift */,
				4EEB21A2294DDE4700F35FC5 /* SceneDelegate.swift */,
				4EEB21A4294DDE4700F35FC5 /* ViewController.swift */,
				4EEB21D4294DE72600F35FC5 /* MainCoordinator.swift */,
				4EEB21D6294DF10C00F35FC5 /* BuyViewController.swift */,
				4EEB21D8294DF12A00F35FC5 /* CreateAccountViewController.swift */,
				4EEB21DA294E340D00F35FC5 /* BuyCoordinator.swift */,
				4EEB21A6294DDE4700F35FC5 /* Main.storyboard */,
				4EEB21A9294DDE4800F35FC5 /* Assets.xcassets */,
				4EEB21AB294DDE4800F35FC5 /* LaunchScreen.storyboard */,
				4EEB21AE294DDE4800F35FC5 /* Info.plist */,
			);
			path = CoordinatorPattern;
			sourceTree = "<group>";
		};
		4EEB21B6294DDE4800F35FC5 /* CoordinatorPatternTests */ = {
			isa = PBXGroup;
			children = (
				4EEB21B7294DDE4800F35FC5 /* CoordinatorPatternTests.swift */,
			);
			path = CoordinatorPatternTests;
			sourceTree = "<group>";
		};
		4EEB21C0294DDE4800F35FC5 /* CoordinatorPatternUITests */ = {
			isa = PBXGroup;
			children = (
				4EEB21C1294DDE4800F35FC5 /* CoordinatorPatternUITests.swift */,
				4EEB21C3294DDE4800F35FC5 /* CoordinatorPatternUITestsLaunchTests.swift */,
			);
			path = CoordinatorPatternUITests;
			sourceTree = "<group>";
		};
/* End PBXGroup section */

/* Begin PBXNativeTarget section */
		4EEB219C294DDE4700F35FC5 /* CoordinatorPattern */ = {
			isa = PBXNativeTarget;
			buildConfigurationList = 4EEB21C7294DDE4800F35FC5 /* Build configuration list for PBXNativeTarget "CoordinatorPattern" */;
			buildPhases = (
				4EEB2199294DDE4700F35FC5 /* Sources */,
				4EEB219A294DDE4700F35FC5 /* Frameworks */,
				4EEB219B294DDE4700F35FC5 /* Resources */,
			);
			buildRules = (
			);
			dependencies = (
			);
			name = CoordinatorPattern;
			productName = CoordinatorPattern;
			productReference = 4EEB219D294DDE4700F35FC5 /* CoordinatorPattern.app */;
			productType = "com.apple.product-type.application";
		};
		4EEB21B2294DDE4800F35FC5 /* CoordinatorPatternTests */ = {
			isa = PBXNativeTarget;
			buildConfigurationList = 4EEB21CA294DDE4800F35FC5 /* Build configuration list for PBXNativeTarget "CoordinatorPatternTests" */;
			buildPhases = (
				4EEB21AF294DDE4800F35FC5 /* Sources */,
				4EEB21B0294DDE4800F35FC5 /* Frameworks */,
				4EEB21B1294DDE4800F35FC5 /* Resources */,
			);
			buildRules = (
			);
			dependencies = (
				4EEB21B5294DDE4800F35FC5 /* PBXTargetDependency */,
			);
			name = CoordinatorPatternTests;
			productName = CoordinatorPatternTests;
			productReference = 4EEB21B3294DDE4800F35FC5 /* CoordinatorPatternTests.xctest */;
			productType = "com.apple.product-type.bundle.unit-test";
		};
		4EEB21BC294DDE4800F35FC5 /* CoordinatorPatternUITests */ = {
			isa = PBXNativeTarget;
			buildConfigurationList = 4EEB21CD294DDE4800F35FC5 /* Build configuration list for PBXNativeTarget "CoordinatorPatternUITests" */;
			buildPhases = (
				4EEB21B9294DDE4800F35FC5 /* Sources */,
				4EEB21BA294DDE4800F35FC5 /* Frameworks */,
				4EEB21BB294DDE4800F35FC5 /* Resources */,
			);
			buildRules = (
			);
			dependencies = (
				4EEB21BF294DDE4800F35FC5 /* PBXTargetDependency */,
			);
			name = CoordinatorPatternUITests;
			productName = CoordinatorPatternUITests;
			productReference = 4EEB21BD294DDE4800F35FC5 /* CoordinatorPatternUITests.xctest */;
			productType = "com.apple.product-type.bundle.ui-testing";
		};
/* End PBXNativeTarget section */

/* Begin PBXProject section */
		4EEB2195294DDE4700F35FC5 /* Project object */ = {
			isa = PBXProject;
			attributes = {
				BuildIndependentTargetsInParallel = 1;
				LastSwiftUpdateCheck = 1410;
				LastUpgradeCheck = 1410;
				TargetAttributes = {
					4EEB219C294DDE4700F35FC5 = {
						CreatedOnToolsVersion = 14.1;
					};
					4EEB21B2294DDE4800F35FC5 = {
						CreatedOnToolsVersion = 14.1;
						TestTargetID = 4EEB219C294DDE4700F35FC5;
					};
					4EEB21BC294DDE4800F35FC5 = {
						CreatedOnToolsVersion = 14.1;
						TestTargetID = 4EEB219C294DDE4700F35FC5;
					};
				};
			};
			buildConfigurationList = 4EEB2198294DDE4700F35FC5 /* Build configuration list for PBXProject "CoordinatorPattern" */;
			compatibilityVersion = "Xcode 14.0";
			developmentRegion = en;
			hasScannedForEncodings = 0;
			knownRegions = (
				en,
				Base,
			);
			mainGroup = 4EEB2194294DDE4700F35FC5;
			productRefGroup = 4EEB219E294DDE4700F35FC5 /* Products */;
			projectDirPath = "";
			projectRoot = "";
			targets = (
				4EEB219C294DDE4700F35FC5 /* CoordinatorPattern */,
				4EEB21B2294DDE4800F35FC5 /* CoordinatorPatternTests */,
				4EEB21BC294DDE4800F35FC5 /* CoordinatorPatternUITests */,
			);
		};
/* End PBXProject section */

/* Begin PBXResourcesBuildPhase section */
		4EEB219B294DDE4700F35FC5 /* Resources */ = {
			isa = PBXResourcesBuildPhase;
			buildActionMask = 2147483647;
			files = (
				4EEB21AD294DDE4800F35FC5 /* LaunchScreen.storyboard in Resources */,
				4EEB21AA294DDE4800F35FC5 /* Assets.xcassets in Resources */,
				4EEB21A8294DDE4700F35FC5 /* Main.storyboard in Resources */,
			);
			runOnlyForDeploymentPostprocessing = 0;
		};
		4EEB21B1294DDE4800F35FC5 /* Resources */ = {
			isa = PBXResourcesBuildPhase;
			buildActionMask = 2147483647;
			files = (
			);
			runOnlyForDeploymentPostprocessing = 0;
		};
		4EEB21BB294DDE4800F35FC5 /* Resources */ = {
			isa = PBXResourcesBuildPhase;
			buildActionMask = 2147483647;
			files = (
			);
			runOnlyForDeploymentPostprocessing = 0;
		};
/* End PBXResourcesBuildPhase section */

/* Begin PBXSourcesBuildPhase section */
		4EEB2199294DDE4700F35FC5 /* Sources */ = {
			isa = PBXSourcesBuildPhase;
			buildActionMask = 2147483647;
			files = (
				4EEB21DB294E340D00F35FC5 /* BuyCoordinator.swift in Sources */,
				4EEB21D2294DE62A00F35FC5 /* Coordinator.swift in Sources */,
				4EEB21D5294DE72600F35FC5 /* MainCoordinator.swift in Sources */,
				4EEB21A5294DDE4700F35FC5 /* ViewController.swift in Sources */,
				4EEB21D3294DE62A00F35FC5 /* Storyboarded.swift in Sources */,
				4EEB21D9294DF12A00F35FC5 /* CreateAccountViewController.swift in Sources */,
				4EEB21A1294DDE4700F35FC5 /* AppDelegate.swift in Sources */,
				4EEB21D7294DF10C00F35FC5 /* BuyViewController.swift in Sources */,
				4EEB21A3294DDE4700F35FC5 /* SceneDelegate.swift in Sources */,
			);
			runOnlyForDeploymentPostprocessing = 0;
		};
		4EEB21AF294DDE4800F35FC5 /* Sources */ = {
			isa = PBXSourcesBuildPhase;
			buildActionMask = 2147483647;
			files = (
				4EEB21B8294DDE4800F35FC5 /* CoordinatorPatternTests.swift in Sources */,
			);
			runOnlyForDeploymentPostprocessing = 0;
		};
		4EEB21B9294DDE4800F35FC5 /* Sources */ = {
			isa = PBXSourcesBuildPhase;
			buildActionMask = 2147483647;
			files = (
				4EEB21C4294DDE4800F35FC5 /* CoordinatorPatternUITestsLaunchTests.swift in Sources */,
				4EEB21C2294DDE4800F35FC5 /* CoordinatorPatternUITests.swift in Sources */,
			);
			runOnlyForDeploymentPostprocessing = 0;
		};
/* End PBXSourcesBuildPhase section */

/* Begin PBXTargetDependency section */
		4EEB21B5294DDE4800F35FC5 /* PBXTargetDependency */ = {
			isa = PBXTargetDependency;
			target = 4EEB219C294DDE4700F35FC5 /* CoordinatorPattern */;
			targetProxy = 4EEB21B4294DDE4800F35FC5 /* PBXContainerItemProxy */;
		};
		4EEB21BF294DDE4800F35FC5 /* PBXTargetDependency */ = {
			isa = PBXTargetDependency;
			target = 4EEB219C294DDE4700F35FC5 /* CoordinatorPattern */;
			targetProxy = 4EEB21BE294DDE4800F35FC5 /* PBXContainerItemProxy */;
		};
/* End PBXTargetDependency section */

/* Begin PBXVariantGroup section */
		4EEB21A6294DDE4700F35FC5 /* Main.storyboard */ = {
			isa = PBXVariantGroup;
			children = (
				4EEB21A7294DDE4700F35FC5 /* Base */,
			);
			name = Main.storyboard;
			sourceTree = "<group>";
		};
		4EEB21AB294DDE4800F35FC5 /* LaunchScreen.storyboard */ = {
			isa = PBXVariantGroup;
			children = (
				4EEB21AC294DDE4800F35FC5 /* Base */,
			);
			name = LaunchScreen.storyboard;
			sourceTree = "<group>";
		};
/* End PBXVariantGroup section */

/* Begin XCBuildConfiguration section */
		4EEB21C5294DDE4800F35FC5 /* Debug */ = {
			isa = XCBuildConfiguration;
			buildSettings = {
				ALWAYS_SEARCH_USER_PATHS = NO;
				CLANG_ANALYZER_NONNULL = YES;
				CLANG_ANALYZER_NUMBER_OBJECT_CONVERSION = YES_AGGRESSIVE;
				CLANG_CXX_LANGUAGE_STANDARD = "gnu++20";
				CLANG_ENABLE_MODULES = YES;
				CLANG_ENABLE_OBJC_ARC = YES;
				CLANG_ENABLE_OBJC_WEAK = YES;
				CLANG_WARN_BLOCK_CAPTURE_AUTORELEASING = YES;
				CLANG_WARN_BOOL_CONVERSION = YES;
				CLANG_WARN_COMMA = YES;
				CLANG_WARN_CONSTANT_CONVERSION = YES;
				CLANG_WARN_DEPRECATED_OBJC_IMPLEMENTATIONS = YES;
				CLANG_WARN_DIRECT_OBJC_ISA_USAGE = YES_ERROR;
				CLANG_WARN_DOCUMENTATION_COMMENTS = YES;
				CLANG_WARN_EMPTY_BODY = YES;
				CLANG_WARN_ENUM_CONVERSION = YES;
				CLANG_WARN_INFINITE_RECURSION = YES;
				CLANG_WARN_INT_CONVERSION = YES;
				CLANG_WARN_NON_LITERAL_NULL_CONVERSION = YES;
				CLANG_WARN_OBJC_IMPLICIT_RETAIN_SELF = YES;
				CLANG_WARN_OBJC_LITERAL_CONVERSION = YES;
				CLANG_WARN_OBJC_ROOT_CLASS = YES_ERROR;
				CLANG_WARN_QUOTED_INCLUDE_IN_FRAMEWORK_HEADER = YES;
				CLANG_WARN_RANGE_LOOP_ANALYSIS = YES;
				CLANG_WARN_STRICT_PROTOTYPES = YES;
				CLANG_WARN_SUSPICIOUS_MOVE = YES;
				CLANG_WARN_UNGUARDED_AVAILABILITY = YES_AGGRESSIVE;
				CLANG_WARN_UNREACHABLE_CODE = YES;
				CLANG_WARN__DUPLICATE_METHOD_MATCH = YES;
				COPY_PHASE_STRIP = NO;
				DEBUG_INFORMATION_FORMAT = dwarf;
				ENABLE_STRICT_OBJC_MSGSEND = YES;
				ENABLE_TESTABILITY = YES;
				GCC_C_LANGUAGE_STANDARD = gnu11;
				GCC_DYNAMIC_NO_PIC = NO;
				GCC_NO_COMMON_BLOCKS = YES;
				GCC_OPTIMIZATION_LEVEL = 0;
				GCC_PREPROCESSOR_DEFINITIONS = (
					"DEBUG=1",
					"$(inherited)",
				);
				GCC_WARN_64_TO_32_BIT_CONVERSION = YES;
				GCC_WARN_ABOUT_RETURN_TYPE = YES_ERROR;
				GCC_WARN_UNDECLARED_SELECTOR = YES;
				GCC_WARN_UNINITIALIZED_AUTOS = YES_AGGRESSIVE;
				GCC_WARN_UNUSED_FUNCTION = YES;
				GCC_WARN_UNUSED_VARIABLE = YES;
				IPHONEOS_DEPLOYMENT_TARGET = 16.1;
				MTL_ENABLE_DEBUG_INFO = INCLUDE_SOURCE;
				MTL_FAST_MATH = YES;
				ONLY_ACTIVE_ARCH = YES;
				SDKROOT = iphoneos;
				SWIFT_ACTIVE_COMPILATION_CONDITIONS = DEBUG;
				SWIFT_OPTIMIZATION_LEVEL = "-Onone";
			};
			name = Debug;
		};
		4EEB21C6294DDE4800F35FC5 /* Release */ = {
			isa = XCBuildConfiguration;
			buildSettings = {
				ALWAYS_SEARCH_USER_PATHS = NO;
				CLANG_ANALYZER_NONNULL = YES;
				CLANG_ANALYZER_NUMBER_OBJECT_CONVERSION = YES_AGGRESSIVE;
				CLANG_CXX_LANGUAGE_STANDARD = "gnu++20";
				CLANG_ENABLE_MODULES = YES;
				CLANG_ENABLE_OBJC_ARC = YES;
				CLANG_ENABLE_OBJC_WEAK = YES;
				CLANG_WARN_BLOCK_CAPTURE_AUTORELEASING = YES;
				CLANG_WARN_BOOL_CONVERSION = YES;
				CLANG_WARN_COMMA = YES;
				CLANG_WARN_CONSTANT_CONVERSION = YES;
				CLANG_WARN_DEPRECATED_OBJC_IMPLEMENTATIONS = YES;
				CLANG_WARN_DIRECT_OBJC_ISA_USAGE = YES_ERROR;
				CLANG_WARN_DOCUMENTATION_COMMENTS = YES;
				CLANG_WARN_EMPTY_BODY = YES;
				CLANG_WARN_ENUM_CONVERSION = YES;
				CLANG_WARN_INFINITE_RECURSION = YES;
				CLANG_WARN_INT_CONVERSION = YES;
				CLANG_WARN_NON_LITERAL_NULL_CONVERSION = YES;
				CLANG_WARN_OBJC_IMPLICIT_RETAIN_SELF = YES;
				CLANG_WARN_OBJC_LITERAL_CONVERSION = YES;
				CLANG_WARN_OBJC_ROOT_CLASS = YES_ERROR;
				CLANG_WARN_QUOTED_INCLUDE_IN_FRAMEWORK_HEADER = YES;
				CLANG_WARN_RANGE_LOOP_ANALYSIS = YES;
				CLANG_WARN_STRICT_PROTOTYPES = YES;
				CLANG_WARN_SUSPICIOUS_MOVE = YES;
				CLANG_WARN_UNGUARDED_AVAILABILITY = YES_AGGRESSIVE;
				CLANG_WARN_UNREACHABLE_CODE = YES;
				CLANG_WARN__DUPLICATE_METHOD_MATCH = YES;
				COPY_PHASE_STRIP = NO;
				DEBUG_INFORMATION_FORMAT = "dwarf-with-dsym";
				ENABLE_NS_ASSERTIONS = NO;
				ENABLE_STRICT_OBJC_MSGSEND = YES;
				GCC_C_LANGUAGE_STANDARD = gnu11;
				GCC_NO_COMMON_BLOCKS = YES;
				GCC_WARN_64_TO_32_BIT_CONVERSION = YES;
				GCC_WARN_ABOUT_RETURN_TYPE = YES_ERROR;
				GCC_WARN_UNDECLARED_SELECTOR = YES;
				GCC_WARN_UNINITIALIZED_AUTOS = YES_AGGRESSIVE;
				GCC_WARN_UNUSED_FUNCTION = YES;
				GCC_WARN_UNUSED_VARIABLE = YES;
				IPHONEOS_DEPLOYMENT_TARGET = 16.1;
				MTL_ENABLE_DEBUG_INFO = NO;
				MTL_FAST_MATH = YES;
				SDKROOT = iphoneos;
				SWIFT_COMPILATION_MODE = wholemodule;
				SWIFT_OPTIMIZATION_LEVEL = "-O";
				VALIDATE_PRODUCT = YES;
			};
			name = Release;
		};
		4EEB21C8294DDE4800F35FC5 /* Debug */ = {
			isa = XCBuildConfiguration;
			buildSettings = {
				ASSETCATALOG_COMPILER_APPICON_NAME = AppIcon;
				ASSETCATALOG_COMPILER_GLOBAL_ACCENT_COLOR_NAME = AccentColor;
				CODE_SIGN_STYLE = Manual;
				CURRENT_PROJECT_VERSION = 1;
				DEVELOPMENT_TEAM = "";
				GENERATE_INFOPLIST_FILE = YES;
				INFOPLIST_FILE = CoordinatorPattern/Info.plist;
				INFOPLIST_KEY_UIApplicationSupportsIndirectInputEvents = YES;
				INFOPLIST_KEY_UILaunchStoryboardName = LaunchScreen;
				INFOPLIST_KEY_UIMainStoryboardFile = "";
				INFOPLIST_KEY_UISupportedInterfaceOrientations_iPad = "UIInterfaceOrientationPortrait UIInterfaceOrientationPortraitUpsideDown UIInterfaceOrientationLandscapeLeft UIInterfaceOrientationLandscapeRight";
				INFOPLIST_KEY_UISupportedInterfaceOrientations_iPhone = "UIInterfaceOrientationPortrait UIInterfaceOrientationLandscapeLeft UIInterfaceOrientationLandscapeRight";
				IPHONEOS_DEPLOYMENT_TARGET = 13.0;
				LD_RUNPATH_SEARCH_PATHS = (
					"$(inherited)",
					"@executable_path/Frameworks",
				);
				MARKETING_VERSION = 1.0;
				PRODUCT_BUNDLE_IDENTIFIER = com.local.CoordinatorPattern;
				PRODUCT_NAME = "$(TARGET_NAME)";
				PROVISIONING_PROFILE_SPECIFIER = "";
				SUPPORTED_PLATFORMS = "iphoneos iphonesimulator";
				SUPPORTS_MACCATALYST = NO;
				SUPPORTS_MAC_DESIGNED_FOR_IPHONE_IPAD = NO;
				SWIFT_EMIT_LOC_STRINGS = YES;
				SWIFT_VERSION = 5.0;
				TARGETED_DEVICE_FAMILY = "1,2";
			};
			name = Debug;
		};
		4EEB21C9294DDE4800F35FC5 /* Release */ = {
			isa = XCBuildConfiguration;
			buildSettings = {
				ASSETCATALOG_COMPILER_APPICON_NAME = AppIcon;
				ASSETCATALOG_COMPILER_GLOBAL_ACCENT_COLOR_NAME = AccentColor;
				CODE_SIGN_STYLE = Manual;
				CURRENT_PROJECT_VERSION = 1;
				DEVELOPMENT_TEAM = "";
				GENERATE_INFOPLIST_FILE = YES;
				INFOPLIST_FILE = CoordinatorPattern/Info.plist;
				INFOPLIST_KEY_UIApplicationSupportsIndirectInputEvents = YES;
				INFOPLIST_KEY_UILaunchStoryboardName = LaunchScreen;
				INFOPLIST_KEY_UIMainStoryboardFile = "";
				INFOPLIST_KEY_UISupportedInterfaceOrientations_iPad = "UIInterfaceOrientationPortrait UIInterfaceOrientationPortraitUpsideDown UIInterfaceOrientationLandscapeLeft UIInterfaceOrientationLandscapeRight";
				INFOPLIST_KEY_UISupportedInterfaceOrientations_iPhone = "UIInterfaceOrientationPortrait UIInterfaceOrientationLandscapeLeft UIInterfaceOrientationLandscapeRight";
				IPHONEOS_DEPLOYMENT_TARGET = 13.0;
				LD_RUNPATH_SEARCH_PATHS = (
					"$(inherited)",
					"@executable_path/Frameworks",
				);
				MARKETING_VERSION = 1.0;
				PRODUCT_BUNDLE_IDENTIFIER = com.local.CoordinatorPattern;
				PRODUCT_NAME = "$(TARGET_NAME)";
				PROVISIONING_PROFILE_SPECIFIER = "";
				SUPPORTED_PLATFORMS = "iphoneos iphonesimulator";
				SUPPORTS_MACCATALYST = NO;
				SUPPORTS_MAC_DESIGNED_FOR_IPHONE_IPAD = NO;
				SWIFT_EMIT_LOC_STRINGS = YES;
				SWIFT_VERSION = 5.0;
				TARGETED_DEVICE_FAMILY = "1,2";
			};
			name = Release;
		};
		4EEB21CB294DDE4800F35FC5 /* Debug */ = {
			isa = XCBuildConfiguration;
			buildSettings = {
				ALWAYS_EMBED_SWIFT_STANDARD_LIBRARIES = YES;
				BUNDLE_LOADER = "$(TEST_HOST)";
				CODE_SIGN_STYLE = Automatic;
				CURRENT_PROJECT_VERSION = 1;
				GENERATE_INFOPLIST_FILE = YES;
				IPHONEOS_DEPLOYMENT_TARGET = 16.1;
				MARKETING_VERSION = 1.0;
				PRODUCT_BUNDLE_IDENTIFIER = com.local.CoordinatorPatternTests;
				PRODUCT_NAME = "$(TARGET_NAME)";
				SWIFT_EMIT_LOC_STRINGS = NO;
				SWIFT_VERSION = 5.0;
				TARGETED_DEVICE_FAMILY = "1,2";
				TEST_HOST = "$(BUILT_PRODUCTS_DIR)/CoordinatorPattern.app/$(BUNDLE_EXECUTABLE_FOLDER_PATH)/CoordinatorPattern";
			};
			name = Debug;
		};
		4EEB21CC294DDE4800F35FC5 /* Release */ = {
			isa = XCBuildConfiguration;
			buildSettings = {
				ALWAYS_EMBED_SWIFT_STANDARD_LIBRARIES = YES;
				BUNDLE_LOADER = "$(TEST_HOST)";
				CODE_SIGN_STYLE = Automatic;
				CURRENT_PROJECT_VERSION = 1;
				GENERATE_INFOPLIST_FILE = YES;
				IPHONEOS_DEPLOYMENT_TARGET = 16.1;
				MARKETING_VERSION = 1.0;
				PRODUCT_BUNDLE_IDENTIFIER = com.local.CoordinatorPatternTests;
				PRODUCT_NAME = "$(TARGET_NAME)";
				SWIFT_EMIT_LOC_STRINGS = NO;
				SWIFT_VERSION = 5.0;
				TARGETED_DEVICE_FAMILY = "1,2";
				TEST_HOST = "$(BUILT_PRODUCTS_DIR)/CoordinatorPattern.app/$(BUNDLE_EXECUTABLE_FOLDER_PATH)/CoordinatorPattern";
			};
			name = Release;
		};
		4EEB21CE294DDE4800F35FC5 /* Debug */ = {
			isa = XCBuildConfiguration;
			buildSettings = {
				ALWAYS_EMBED_SWIFT_STANDARD_LIBRARIES = YES;
				CODE_SIGN_STYLE = Automatic;
				CURRENT_PROJECT_VERSION = 1;
				GENERATE_INFOPLIST_FILE = YES;
				MARKETING_VERSION = 1.0;
				PRODUCT_BUNDLE_IDENTIFIER = com.local.CoordinatorPatternUITests;
				PRODUCT_NAME = "$(TARGET_NAME)";
				SWIFT_EMIT_LOC_STRINGS = NO;
				SWIFT_VERSION = 5.0;
				TARGETED_DEVICE_FAMILY = "1,2";
				TEST_TARGET_NAME = CoordinatorPattern;
			};
			name = Debug;
		};
		4EEB21CF294DDE4800F35FC5 /* Release */ = {
			isa = XCBuildConfiguration;
			buildSettings = {
				ALWAYS_EMBED_SWIFT_STANDARD_LIBRARIES = YES;
				CODE_SIGN_STYLE = Automatic;
				CURRENT_PROJECT_VERSION = 1;
				GENERATE_INFOPLIST_FILE = YES;
				MARKETING_VERSION = 1.0;
				PRODUCT_BUNDLE_IDENTIFIER = com.local.CoordinatorPatternUITests;
				PRODUCT_NAME = "$(TARGET_NAME)";
				SWIFT_EMIT_LOC_STRINGS = NO;
				SWIFT_VERSION = 5.0;
				TARGETED_DEVICE_FAMILY = "1,2";
				TEST_TARGET_NAME = CoordinatorPattern;
			};
			name = Release;
		};
/* End XCBuildConfiguration section */

/* Begin XCConfigurationList section */
		4EEB2198294DDE4700F35FC5 /* Build configuration list for PBXProject "CoordinatorPattern" */ = {
			isa = XCConfigurationList;
			buildConfigurations = (
				4EEB21C5294DDE4800F35FC5 /* Debug */,
				4EEB21C6294DDE4800F35FC5 /* Release */,
			);
			defaultConfigurationIsVisible = 0;
			defaultConfigurationName = Release;
		};
		4EEB21C7294DDE4800F35FC5 /* Build configuration list for PBXNativeTarget "CoordinatorPattern" */ = {
			isa = XCConfigurationList;
			buildConfigurations = (
				4EEB21C8294DDE4800F35FC5 /* Debug */,
				4EEB21C9294DDE4800F35FC5 /* Release */,
			);
			defaultConfigurationIsVisible = 0;
			defaultConfigurationName = Release;
		};
		4EEB21CA294DDE4800F35FC5 /* Build configuration list for PBXNativeTarget "CoordinatorPatternTests" */ = {
			isa = XCConfigurationList;
			buildConfigurations = (
				4EEB21CB294DDE4800F35FC5 /* Debug */,
				4EEB21CC294DDE4800F35FC5 /* Release */,
			);
			defaultConfigurationIsVisible = 0;
			defaultConfigurationName = Release;
		};
		4EEB21CD294DDE4800F35FC5 /* Build configuration list for PBXNativeTarget "CoordinatorPatternUITests" */ = {
			isa = XCConfigurationList;
			buildConfigurations = (
				4EEB21CE294DDE4800F35FC5 /* Debug */,
				4EEB21CF294DDE4800F35FC5 /* Release */,
			);
			defaultConfigurationIsVisible = 0;
			defaultConfigurationName = Release;
		};
/* End XCConfigurationList section */
	};
	rootObject = 4EEB2195294DDE4700F35FC5 /* Project object */;
}
